{
  "version": 4,
  "terraform_version": "1.9.0",
  "serial": 160,
  "lineage": "3e212dc1-e08f-7292-fefd-426df8c34ce4",
  "outputs": {
    "backend-servers-info": {
      "value": {
        "backend-01": {
          "ip_address": [
            "10.10.10.24"
          ],
          "nat_ip_address": [
            ""
          ]
        },
        "backend-02": {
          "ip_address": [
            "10.10.10.25"
          ],
          "nat_ip_address": [
            ""
          ]
        }
      },
      "type": [
        "object",
        {
          "backend-01": [
            "object",
            {
              "ip_address": [
                "list",
                "string"
              ],
              "nat_ip_address": [
                "list",
                "string"
              ]
            }
          ],
          "backend-02": [
            "object",
            {
              "ip_address": [
                "list",
                "string"
              ],
              "nat_ip_address": [
                "list",
                "string"
              ]
            }
          ]
        }
      ]
    },
    "db-servers-info": {
      "value": {
        "db-01": {
          "ip_address": [
            "10.10.10.23"
          ],
          "nat_ip_address": [
            ""
          ]
        },
        "db-02": {
          "ip_address": [
            "10.10.10.26"
          ],
          "nat_ip_address": [
            ""
          ]
        },
        "db-03": {
          "ip_address": [
            "10.10.10.34"
          ],
          "nat_ip_address": [
            ""
          ]
        }
      },
      "type": [
        "object",
        {
          "db-01": [
            "object",
            {
              "ip_address": [
                "list",
                "string"
              ],
              "nat_ip_address": [
                "list",
                "string"
              ]
            }
          ],
          "db-02": [
            "object",
            {
              "ip_address": [
                "list",
                "string"
              ],
              "nat_ip_address": [
                "list",
                "string"
              ]
            }
          ],
          "db-03": [
            "object",
            {
              "ip_address": [
                "list",
                "string"
              ],
              "nat_ip_address": [
                "list",
                "string"
              ]
            }
          ]
        }
      ]
    },
    "iscsi-servers-info": {
      "value": {
        "iscsi-01": {
          "ip_address": [
            "10.10.10.21"
          ],
          "nat_ip_address": [
            ""
          ]
        }
      },
      "type": [
        "object",
        {
          "iscsi-01": [
            "object",
            {
              "ip_address": [
                "list",
                "string"
              ],
              "nat_ip_address": [
                "list",
                "string"
              ]
            }
          ]
        }
      ]
    },
    "jump-servers-info": {
      "value": {
        "jump-01": {
          "ip_address": [
            "10.10.10.42"
          ],
          "nat_ip_address": [
            "158.160.16.66"
          ]
        }
      },
      "type": [
        "object",
        {
          "jump-01": [
            "object",
            {
              "ip_address": [
                "list",
                "string"
              ],
              "nat_ip_address": [
                "list",
                "string"
              ]
            }
          ]
        }
      ]
    },
    "loadbalancer-info": {
      "value": [
        {
          "external_address_spec": [
            {
              "address": "158.160.140.104",
              "ip_version": "ipv4"
            }
          ],
          "internal_address_spec": [],
          "name": "http-listener",
          "port": 80,
          "protocol": "tcp",
          "target_port": 80
        }
      ],
      "type": [
        "set",
        [
          "object",
          {
            "external_address_spec": [
              "set",
              [
                "object",
                {
                  "address": "string",
                  "ip_version": "string"
                }
              ]
            ],
            "internal_address_spec": [
              "set",
              [
                "object",
                {
                  "address": "string",
                  "ip_version": "string",
                  "subnet_id": "string"
                }
              ]
            ],
            "name": "string",
            "port": "number",
            "protocol": "string",
            "target_port": "number"
          }
        ]
      ]
    },
    "nginx-servers-info": {
      "value": {
        "nginx-01": {
          "ip_address": [
            "10.10.10.10"
          ],
          "nat_ip_address": [
            ""
          ]
        },
        "nginx-02": {
          "ip_address": [
            "10.10.10.9"
          ],
          "nat_ip_address": [
            ""
          ]
        }
      },
      "type": [
        "object",
        {
          "nginx-01": [
            "object",
            {
              "ip_address": [
                "list",
                "string"
              ],
              "nat_ip_address": [
                "list",
                "string"
              ]
            }
          ],
          "nginx-02": [
            "object",
            {
              "ip_address": [
                "list",
                "string"
              ],
              "nat_ip_address": [
                "list",
                "string"
              ]
            }
          ]
        }
      ]
    }
  },
  "resources": [
    {
      "mode": "data",
      "type": "yandex_compute_instance",
      "name": "backend-servers",
      "provider": "provider[\"registry.terraform.io/yandex-cloud/yandex\"]",
      "instances": [
        {
          "index_key": 0,
          "schema_version": 0,
          "attributes": {
            "boot_disk": [
              {
                "auto_delete": true,
                "device_name": "epdjom9gsla1kdkgakle",
                "disk_id": "epdjom9gsla1kdkgakle",
                "initialize_params": [
                  {
                    "block_size": 4096,
                    "description": "",
                    "image_id": "fd84itfojin92kj38vmb",
                    "name": "",
                    "size": 10,
                    "snapshot_id": "",
                    "type": "network-ssd"
                  }
                ],
                "mode": "READ_WRITE"
              }
            ],
            "created_at": "2024-07-04T09:54:22Z",
            "description": "",
            "filesystem": [],
            "folder_id": "b1g87jva5roo9n23k4c4",
            "fqdn": "backend-01.ru-central1.internal",
            "gpu_cluster_id": "",
            "id": "epdds0nqb74vutcsd2me",
            "instance_id": "epdds0nqb74vutcsd2me",
            "labels": {},
            "local_disk": [],
            "maintenance_grace_period": "",
            "maintenance_policy": null,
            "metadata": {
              "ssh-keys": "ubuntu:ssh-rsa AAAAB3NzaC1yc2EAAAADAQABAAABgQDHG326ChxLn4Frwc1Spg66bS+7gzVQ/H6RUOmqZyH0uwEGAyF3JHEQtMLNbWQmwc38a7zAg9OJWrpBFYuJSr1+lCGYc29E+PK83e66AkUaSFwGkM00eg0+r5YUVAIcwx7PW9t3wE7srAgsIC7Qe6EUlVkyPavYtffNQEFNTqolDqEG4M8+YsmesdG0zpGGuG/ZFIKoxRJLzMIkH/z3fjSp00VsCnz4aeF9K/pJaOJGmAvNLCISiYNMY/Yt7AQLkaC55uVc32sE/QfxPhrHfQmRoinWOe16L4ykvWsdkB0fn0pTUwX15LyTYp4C17dp8NgVLhDuaJLCc1sXz6E48mHE+pT+G0Z8JKB5vyKuItVWn1v6T1sgwMv7Ht0a+uN+cALhZOHkWAM1FzOcd2pjqaxmSjGo52V60g05UoYG3+p11gBCoVHNvx5yzO76rPZoGJd/KePCxcBqRXXYZbGc/4eYXw/VA/BxFKbg15NryUiTxu38x36IO/66iU+utk5gXl0= mikhail.timofeev@lgepartner.com\n"
            },
            "metadata_options": [
              {
                "aws_v1_http_endpoint": 1,
                "aws_v1_http_token": 2,
                "gce_http_endpoint": 1,
                "gce_http_token": 1
              }
            ],
            "name": "backend-01",
            "network_acceleration_type": "standard",
            "network_interface": [
              {
                "dns_record": [],
                "index": 0,
                "ip_address": "10.10.10.24",
                "ipv4": true,
                "ipv6": false,
                "ipv6_address": "",
                "ipv6_dns_record": [],
                "mac_address": "d0:0d:de:02:fa:59",
                "nat": false,
                "nat_dns_record": [],
                "nat_ip_address": "",
                "nat_ip_version": "",
                "security_group_ids": [],
                "subnet_id": "e2lju39rdupjahoiur7e"
              }
            ],
            "placement_policy": [
              {
                "host_affinity_rules": [],
                "placement_group_id": "",
                "placement_group_partition": 0
              }
            ],
            "platform_id": "standard-v3",
            "resources": [
              {
                "core_fraction": 100,
                "cores": 2,
                "gpus": 0,
                "memory": 2
              }
            ],
            "scheduling_policy": [
              {
                "preemptible": false
              }
            ],
            "secondary_disk": [],
            "service_account_id": "",
            "status": "running",
            "zone": "ru-central1-b"
          },
          "sensitive_attributes": []
        },
        {
          "index_key": 1,
          "schema_version": 0,
          "attributes": {
            "boot_disk": [
              {
                "auto_delete": true,
                "device_name": "epdsmo4u5ph8hdsujg9e",
                "disk_id": "epdsmo4u5ph8hdsujg9e",
                "initialize_params": [
                  {
                    "block_size": 4096,
                    "description": "",
                    "image_id": "fd84itfojin92kj38vmb",
                    "name": "",
                    "size": 10,
                    "snapshot_id": "",
                    "type": "network-ssd"
                  }
                ],
                "mode": "READ_WRITE"
              }
            ],
            "created_at": "2024-07-04T09:54:22Z",
            "description": "",
            "filesystem": [],
            "folder_id": "b1g87jva5roo9n23k4c4",
            "fqdn": "backend-02.ru-central1.internal",
            "gpu_cluster_id": "",
            "id": "epd6k9gj8rlk8logme4g",
            "instance_id": "epd6k9gj8rlk8logme4g",
            "labels": {},
            "local_disk": [],
            "maintenance_grace_period": "",
            "maintenance_policy": null,
            "metadata": {
              "ssh-keys": "ubuntu:ssh-rsa AAAAB3NzaC1yc2EAAAADAQABAAABgQDHG326ChxLn4Frwc1Spg66bS+7gzVQ/H6RUOmqZyH0uwEGAyF3JHEQtMLNbWQmwc38a7zAg9OJWrpBFYuJSr1+lCGYc29E+PK83e66AkUaSFwGkM00eg0+r5YUVAIcwx7PW9t3wE7srAgsIC7Qe6EUlVkyPavYtffNQEFNTqolDqEG4M8+YsmesdG0zpGGuG/ZFIKoxRJLzMIkH/z3fjSp00VsCnz4aeF9K/pJaOJGmAvNLCISiYNMY/Yt7AQLkaC55uVc32sE/QfxPhrHfQmRoinWOe16L4ykvWsdkB0fn0pTUwX15LyTYp4C17dp8NgVLhDuaJLCc1sXz6E48mHE+pT+G0Z8JKB5vyKuItVWn1v6T1sgwMv7Ht0a+uN+cALhZOHkWAM1FzOcd2pjqaxmSjGo52V60g05UoYG3+p11gBCoVHNvx5yzO76rPZoGJd/KePCxcBqRXXYZbGc/4eYXw/VA/BxFKbg15NryUiTxu38x36IO/66iU+utk5gXl0= mikhail.timofeev@lgepartner.com\n"
            },
            "metadata_options": [
              {
                "aws_v1_http_endpoint": 1,
                "aws_v1_http_token": 2,
                "gce_http_endpoint": 1,
                "gce_http_token": 1
              }
            ],
            "name": "backend-02",
            "network_acceleration_type": "standard",
            "network_interface": [
              {
                "dns_record": [],
                "index": 0,
                "ip_address": "10.10.10.25",
                "ipv4": true,
                "ipv6": false,
                "ipv6_address": "",
                "ipv6_dns_record": [],
                "mac_address": "d0:0d:6a:26:13:46",
                "nat": false,
                "nat_dns_record": [],
                "nat_ip_address": "",
                "nat_ip_version": "",
                "security_group_ids": [],
                "subnet_id": "e2lju39rdupjahoiur7e"
              }
            ],
            "placement_policy": [
              {
                "host_affinity_rules": [],
                "placement_group_id": "",
                "placement_group_partition": 0
              }
            ],
            "platform_id": "standard-v3",
            "resources": [
              {
                "core_fraction": 100,
                "cores": 2,
                "gpus": 0,
                "memory": 2
              }
            ],
            "scheduling_policy": [
              {
                "preemptible": false
              }
            ],
            "secondary_disk": [],
            "service_account_id": "",
            "status": "running",
            "zone": "ru-central1-b"
          },
          "sensitive_attributes": []
        }
      ]
    },
    {
      "mode": "data",
      "type": "yandex_compute_instance",
      "name": "db-servers",
      "provider": "provider[\"registry.terraform.io/yandex-cloud/yandex\"]",
      "instances": [
        {
          "index_key": 0,
          "schema_version": 0,
          "attributes": {
            "boot_disk": [
              {
                "auto_delete": true,
                "device_name": "epd9gmqgg3ovnbvdat73",
                "disk_id": "epd9gmqgg3ovnbvdat73",
                "initialize_params": [
                  {
                    "block_size": 4096,
                    "description": "",
                    "image_id": "fd84itfojin92kj38vmb",
                    "name": "",
                    "size": 10,
                    "snapshot_id": "",
                    "type": "network-ssd"
                  }
                ],
                "mode": "READ_WRITE"
              }
            ],
            "created_at": "2024-07-04T09:54:22Z",
            "description": "",
            "filesystem": [],
            "folder_id": "b1g87jva5roo9n23k4c4",
            "fqdn": "db-01.ru-central1.internal",
            "gpu_cluster_id": "",
            "id": "epd16f6p4a9ssfgkcbnp",
            "instance_id": "epd16f6p4a9ssfgkcbnp",
            "labels": {},
            "local_disk": [],
            "maintenance_grace_period": "",
            "maintenance_policy": null,
            "metadata": {
              "ssh-keys": "ubuntu:ssh-rsa AAAAB3NzaC1yc2EAAAADAQABAAABgQDHG326ChxLn4Frwc1Spg66bS+7gzVQ/H6RUOmqZyH0uwEGAyF3JHEQtMLNbWQmwc38a7zAg9OJWrpBFYuJSr1+lCGYc29E+PK83e66AkUaSFwGkM00eg0+r5YUVAIcwx7PW9t3wE7srAgsIC7Qe6EUlVkyPavYtffNQEFNTqolDqEG4M8+YsmesdG0zpGGuG/ZFIKoxRJLzMIkH/z3fjSp00VsCnz4aeF9K/pJaOJGmAvNLCISiYNMY/Yt7AQLkaC55uVc32sE/QfxPhrHfQmRoinWOe16L4ykvWsdkB0fn0pTUwX15LyTYp4C17dp8NgVLhDuaJLCc1sXz6E48mHE+pT+G0Z8JKB5vyKuItVWn1v6T1sgwMv7Ht0a+uN+cALhZOHkWAM1FzOcd2pjqaxmSjGo52V60g05UoYG3+p11gBCoVHNvx5yzO76rPZoGJd/KePCxcBqRXXYZbGc/4eYXw/VA/BxFKbg15NryUiTxu38x36IO/66iU+utk5gXl0= mikhail.timofeev@lgepartner.com\n"
            },
            "metadata_options": [
              {
                "aws_v1_http_endpoint": 1,
                "aws_v1_http_token": 2,
                "gce_http_endpoint": 1,
                "gce_http_token": 1
              }
            ],
            "name": "db-01",
            "network_acceleration_type": "standard",
            "network_interface": [
              {
                "dns_record": [],
                "index": 0,
                "ip_address": "10.10.10.23",
                "ipv4": true,
                "ipv6": false,
                "ipv6_address": "",
                "ipv6_dns_record": [],
                "mac_address": "d0:0d:13:3c:d9:22",
                "nat": false,
                "nat_dns_record": [],
                "nat_ip_address": "",
                "nat_ip_version": "",
                "security_group_ids": [],
                "subnet_id": "e2lju39rdupjahoiur7e"
              }
            ],
            "placement_policy": [
              {
                "host_affinity_rules": [],
                "placement_group_id": "",
                "placement_group_partition": 0
              }
            ],
            "platform_id": "standard-v3",
            "resources": [
              {
                "core_fraction": 100,
                "cores": 2,
                "gpus": 0,
                "memory": 2
              }
            ],
            "scheduling_policy": [
              {
                "preemptible": false
              }
            ],
            "secondary_disk": [],
            "service_account_id": "",
            "status": "running",
            "zone": "ru-central1-b"
          },
          "sensitive_attributes": []
        },
        {
          "index_key": 1,
          "schema_version": 0,
          "attributes": {
            "boot_disk": [
              {
                "auto_delete": true,
                "device_name": "epdjg4q30gvqvtndnlfg",
                "disk_id": "epdjg4q30gvqvtndnlfg",
                "initialize_params": [
                  {
                    "block_size": 4096,
                    "description": "",
                    "image_id": "fd84itfojin92kj38vmb",
                    "name": "",
                    "size": 10,
                    "snapshot_id": "",
                    "type": "network-ssd"
                  }
                ],
                "mode": "READ_WRITE"
              }
            ],
            "created_at": "2024-07-04T09:54:22Z",
            "description": "",
            "filesystem": [],
            "folder_id": "b1g87jva5roo9n23k4c4",
            "fqdn": "db-02.ru-central1.internal",
            "gpu_cluster_id": "",
            "id": "epd95j64aus4a3qcassh",
            "instance_id": "epd95j64aus4a3qcassh",
            "labels": {},
            "local_disk": [],
            "maintenance_grace_period": "",
            "maintenance_policy": null,
            "metadata": {
              "ssh-keys": "ubuntu:ssh-rsa AAAAB3NzaC1yc2EAAAADAQABAAABgQDHG326ChxLn4Frwc1Spg66bS+7gzVQ/H6RUOmqZyH0uwEGAyF3JHEQtMLNbWQmwc38a7zAg9OJWrpBFYuJSr1+lCGYc29E+PK83e66AkUaSFwGkM00eg0+r5YUVAIcwx7PW9t3wE7srAgsIC7Qe6EUlVkyPavYtffNQEFNTqolDqEG4M8+YsmesdG0zpGGuG/ZFIKoxRJLzMIkH/z3fjSp00VsCnz4aeF9K/pJaOJGmAvNLCISiYNMY/Yt7AQLkaC55uVc32sE/QfxPhrHfQmRoinWOe16L4ykvWsdkB0fn0pTUwX15LyTYp4C17dp8NgVLhDuaJLCc1sXz6E48mHE+pT+G0Z8JKB5vyKuItVWn1v6T1sgwMv7Ht0a+uN+cALhZOHkWAM1FzOcd2pjqaxmSjGo52V60g05UoYG3+p11gBCoVHNvx5yzO76rPZoGJd/KePCxcBqRXXYZbGc/4eYXw/VA/BxFKbg15NryUiTxu38x36IO/66iU+utk5gXl0= mikhail.timofeev@lgepartner.com\n"
            },
            "metadata_options": [
              {
                "aws_v1_http_endpoint": 1,
                "aws_v1_http_token": 2,
                "gce_http_endpoint": 1,
                "gce_http_token": 1
              }
            ],
            "name": "db-02",
            "network_acceleration_type": "standard",
            "network_interface": [
              {
                "dns_record": [],
                "index": 0,
                "ip_address": "10.10.10.26",
                "ipv4": true,
                "ipv6": false,
                "ipv6_address": "",
                "ipv6_dns_record": [],
                "mac_address": "d0:0d:92:cc:c4:57",
                "nat": false,
                "nat_dns_record": [],
                "nat_ip_address": "",
                "nat_ip_version": "",
                "security_group_ids": [],
                "subnet_id": "e2lju39rdupjahoiur7e"
              }
            ],
            "placement_policy": [
              {
                "host_affinity_rules": [],
                "placement_group_id": "",
                "placement_group_partition": 0
              }
            ],
            "platform_id": "standard-v3",
            "resources": [
              {
                "core_fraction": 100,
                "cores": 2,
                "gpus": 0,
                "memory": 2
              }
            ],
            "scheduling_policy": [
              {
                "preemptible": false
              }
            ],
            "secondary_disk": [],
            "service_account_id": "",
            "status": "running",
            "zone": "ru-central1-b"
          },
          "sensitive_attributes": []
        },
        {
          "index_key": 2,
          "schema_version": 0,
          "attributes": {
            "boot_disk": [
              {
                "auto_delete": true,
                "device_name": "epd16ke5b8b4s8qhnuo0",
                "disk_id": "epd16ke5b8b4s8qhnuo0",
                "initialize_params": [
                  {
                    "block_size": 4096,
                    "description": "",
                    "image_id": "fd84itfojin92kj38vmb",
                    "name": "",
                    "size": 10,
                    "snapshot_id": "",
                    "type": "network-ssd"
                  }
                ],
                "mode": "READ_WRITE"
              }
            ],
            "created_at": "2024-07-04T09:54:22Z",
            "description": "",
            "filesystem": [],
            "folder_id": "b1g87jva5roo9n23k4c4",
            "fqdn": "db-03.ru-central1.internal",
            "gpu_cluster_id": "",
            "id": "epdcbbe0thjuhug34pkt",
            "instance_id": "epdcbbe0thjuhug34pkt",
            "labels": {},
            "local_disk": [],
            "maintenance_grace_period": "",
            "maintenance_policy": null,
            "metadata": {
              "ssh-keys": "ubuntu:ssh-rsa AAAAB3NzaC1yc2EAAAADAQABAAABgQDHG326ChxLn4Frwc1Spg66bS+7gzVQ/H6RUOmqZyH0uwEGAyF3JHEQtMLNbWQmwc38a7zAg9OJWrpBFYuJSr1+lCGYc29E+PK83e66AkUaSFwGkM00eg0+r5YUVAIcwx7PW9t3wE7srAgsIC7Qe6EUlVkyPavYtffNQEFNTqolDqEG4M8+YsmesdG0zpGGuG/ZFIKoxRJLzMIkH/z3fjSp00VsCnz4aeF9K/pJaOJGmAvNLCISiYNMY/Yt7AQLkaC55uVc32sE/QfxPhrHfQmRoinWOe16L4ykvWsdkB0fn0pTUwX15LyTYp4C17dp8NgVLhDuaJLCc1sXz6E48mHE+pT+G0Z8JKB5vyKuItVWn1v6T1sgwMv7Ht0a+uN+cALhZOHkWAM1FzOcd2pjqaxmSjGo52V60g05UoYG3+p11gBCoVHNvx5yzO76rPZoGJd/KePCxcBqRXXYZbGc/4eYXw/VA/BxFKbg15NryUiTxu38x36IO/66iU+utk5gXl0= mikhail.timofeev@lgepartner.com\n"
            },
            "metadata_options": [
              {
                "aws_v1_http_endpoint": 1,
                "aws_v1_http_token": 2,
                "gce_http_endpoint": 1,
                "gce_http_token": 1
              }
            ],
            "name": "db-03",
            "network_acceleration_type": "standard",
            "network_interface": [
              {
                "dns_record": [],
                "index": 0,
                "ip_address": "10.10.10.34",
                "ipv4": true,
                "ipv6": false,
                "ipv6_address": "",
                "ipv6_dns_record": [],
                "mac_address": "d0:0d:c5:ad:c0:ec",
                "nat": false,
                "nat_dns_record": [],
                "nat_ip_address": "",
                "nat_ip_version": "",
                "security_group_ids": [],
                "subnet_id": "e2lju39rdupjahoiur7e"
              }
            ],
            "placement_policy": [
              {
                "host_affinity_rules": [],
                "placement_group_id": "",
                "placement_group_partition": 0
              }
            ],
            "platform_id": "standard-v3",
            "resources": [
              {
                "core_fraction": 100,
                "cores": 2,
                "gpus": 0,
                "memory": 2
              }
            ],
            "scheduling_policy": [
              {
                "preemptible": false
              }
            ],
            "secondary_disk": [],
            "service_account_id": "",
            "status": "running",
            "zone": "ru-central1-b"
          },
          "sensitive_attributes": []
        }
      ]
    },
    {
      "mode": "data",
      "type": "yandex_compute_instance",
      "name": "iscsi-servers",
      "provider": "provider[\"registry.terraform.io/yandex-cloud/yandex\"]",
      "instances": [
        {
          "index_key": 0,
          "schema_version": 0,
          "attributes": {
            "boot_disk": [
              {
                "auto_delete": true,
                "device_name": "epdihsr6rs91q8sd1obp",
                "disk_id": "epdihsr6rs91q8sd1obp",
                "initialize_params": [
                  {
                    "block_size": 4096,
                    "description": "",
                    "image_id": "fd84itfojin92kj38vmb",
                    "name": "",
                    "size": 10,
                    "snapshot_id": "",
                    "type": "network-ssd"
                  }
                ],
                "mode": "READ_WRITE"
              }
            ],
            "created_at": "2024-07-04T09:54:22Z",
            "description": "",
            "filesystem": [],
            "folder_id": "b1g87jva5roo9n23k4c4",
            "fqdn": "iscsi-01.ru-central1.internal",
            "gpu_cluster_id": "",
            "id": "epdfpn76eve99quvndos",
            "instance_id": "epdfpn76eve99quvndos",
            "labels": {},
            "local_disk": [],
            "maintenance_grace_period": "",
            "maintenance_policy": null,
            "metadata": {
              "ssh-keys": "ubuntu:ssh-rsa AAAAB3NzaC1yc2EAAAADAQABAAABgQDHG326ChxLn4Frwc1Spg66bS+7gzVQ/H6RUOmqZyH0uwEGAyF3JHEQtMLNbWQmwc38a7zAg9OJWrpBFYuJSr1+lCGYc29E+PK83e66AkUaSFwGkM00eg0+r5YUVAIcwx7PW9t3wE7srAgsIC7Qe6EUlVkyPavYtffNQEFNTqolDqEG4M8+YsmesdG0zpGGuG/ZFIKoxRJLzMIkH/z3fjSp00VsCnz4aeF9K/pJaOJGmAvNLCISiYNMY/Yt7AQLkaC55uVc32sE/QfxPhrHfQmRoinWOe16L4ykvWsdkB0fn0pTUwX15LyTYp4C17dp8NgVLhDuaJLCc1sXz6E48mHE+pT+G0Z8JKB5vyKuItVWn1v6T1sgwMv7Ht0a+uN+cALhZOHkWAM1FzOcd2pjqaxmSjGo52V60g05UoYG3+p11gBCoVHNvx5yzO76rPZoGJd/KePCxcBqRXXYZbGc/4eYXw/VA/BxFKbg15NryUiTxu38x36IO/66iU+utk5gXl0= mikhail.timofeev@lgepartner.com\n"
            },
            "metadata_options": [
              {
                "aws_v1_http_endpoint": 1,
                "aws_v1_http_token": 2,
                "gce_http_endpoint": 1,
                "gce_http_token": 1
              }
            ],
            "name": "iscsi-01",
            "network_acceleration_type": "standard",
            "network_interface": [
              {
                "dns_record": [],
                "index": 0,
                "ip_address": "10.10.10.21",
                "ipv4": true,
                "ipv6": false,
                "ipv6_address": "",
                "ipv6_dns_record": [],
                "mac_address": "d0:0d:fc:dc:e6:77",
                "nat": false,
                "nat_dns_record": [],
                "nat_ip_address": "",
                "nat_ip_version": "",
                "security_group_ids": [],
                "subnet_id": "e2lju39rdupjahoiur7e"
              }
            ],
            "placement_policy": [
              {
                "host_affinity_rules": [],
                "placement_group_id": "",
                "placement_group_partition": 0
              }
            ],
            "platform_id": "standard-v3",
            "resources": [
              {
                "core_fraction": 100,
                "cores": 2,
                "gpus": 0,
                "memory": 2
              }
            ],
            "scheduling_policy": [
              {
                "preemptible": false
              }
            ],
            "secondary_disk": [
              {
                "auto_delete": true,
                "device_name": "epdrmrcn5mjafsdlu160",
                "disk_id": "epdrmrcn5mjafsdlu160",
                "mode": "READ_WRITE"
              }
            ],
            "service_account_id": "",
            "status": "running",
            "zone": "ru-central1-b"
          },
          "sensitive_attributes": []
        }
      ]
    },
    {
      "mode": "data",
      "type": "yandex_compute_instance",
      "name": "jump-servers",
      "provider": "provider[\"registry.terraform.io/yandex-cloud/yandex\"]",
      "instances": [
        {
          "index_key": 0,
          "schema_version": 0,
          "attributes": {
            "boot_disk": [
              {
                "auto_delete": true,
                "device_name": "epdp5hfptuejo9kg2dhd",
                "disk_id": "epdp5hfptuejo9kg2dhd",
                "initialize_params": [
                  {
                    "block_size": 4096,
                    "description": "",
                    "image_id": "fd84itfojin92kj38vmb",
                    "name": "",
                    "size": 10,
                    "snapshot_id": "",
                    "type": "network-ssd"
                  }
                ],
                "mode": "READ_WRITE"
              }
            ],
            "created_at": "2024-07-04T09:54:22Z",
            "description": "",
            "filesystem": [],
            "folder_id": "b1g87jva5roo9n23k4c4",
            "fqdn": "jump-01.ru-central1.internal",
            "gpu_cluster_id": "",
            "id": "epdcemj9obmuua6uo5vk",
            "instance_id": "epdcemj9obmuua6uo5vk",
            "labels": {},
            "local_disk": [],
            "maintenance_grace_period": "",
            "maintenance_policy": null,
            "metadata": {
              "ssh-keys": "ubuntu:ssh-rsa AAAAB3NzaC1yc2EAAAADAQABAAABgQDHG326ChxLn4Frwc1Spg66bS+7gzVQ/H6RUOmqZyH0uwEGAyF3JHEQtMLNbWQmwc38a7zAg9OJWrpBFYuJSr1+lCGYc29E+PK83e66AkUaSFwGkM00eg0+r5YUVAIcwx7PW9t3wE7srAgsIC7Qe6EUlVkyPavYtffNQEFNTqolDqEG4M8+YsmesdG0zpGGuG/ZFIKoxRJLzMIkH/z3fjSp00VsCnz4aeF9K/pJaOJGmAvNLCISiYNMY/Yt7AQLkaC55uVc32sE/QfxPhrHfQmRoinWOe16L4ykvWsdkB0fn0pTUwX15LyTYp4C17dp8NgVLhDuaJLCc1sXz6E48mHE+pT+G0Z8JKB5vyKuItVWn1v6T1sgwMv7Ht0a+uN+cALhZOHkWAM1FzOcd2pjqaxmSjGo52V60g05UoYG3+p11gBCoVHNvx5yzO76rPZoGJd/KePCxcBqRXXYZbGc/4eYXw/VA/BxFKbg15NryUiTxu38x36IO/66iU+utk5gXl0= mikhail.timofeev@lgepartner.com\n"
            },
            "metadata_options": [
              {
                "aws_v1_http_endpoint": 1,
                "aws_v1_http_token": 2,
                "gce_http_endpoint": 1,
                "gce_http_token": 1
              }
            ],
            "name": "jump-01",
            "network_acceleration_type": "standard",
            "network_interface": [
              {
                "dns_record": [],
                "index": 0,
                "ip_address": "10.10.10.42",
                "ipv4": true,
                "ipv6": false,
                "ipv6_address": "",
                "ipv6_dns_record": [],
                "mac_address": "d0:0d:c7:5a:69:c2",
                "nat": true,
                "nat_dns_record": [],
                "nat_ip_address": "158.160.16.66",
                "nat_ip_version": "IPV4",
                "security_group_ids": [],
                "subnet_id": "e2lju39rdupjahoiur7e"
              }
            ],
            "placement_policy": [
              {
                "host_affinity_rules": [],
                "placement_group_id": "",
                "placement_group_partition": 0
              }
            ],
            "platform_id": "standard-v3",
            "resources": [
              {
                "core_fraction": 100,
                "cores": 2,
                "gpus": 0,
                "memory": 2
              }
            ],
            "scheduling_policy": [
              {
                "preemptible": false
              }
            ],
            "secondary_disk": [],
            "service_account_id": "",
            "status": "running",
            "zone": "ru-central1-b"
          },
          "sensitive_attributes": []
        }
      ]
    },
    {
      "mode": "data",
      "type": "yandex_compute_instance",
      "name": "nginx-servers",
      "provider": "provider[\"registry.terraform.io/yandex-cloud/yandex\"]",
      "instances": [
        {
          "index_key": 0,
          "schema_version": 0,
          "attributes": {
            "boot_disk": [
              {
                "auto_delete": true,
                "device_name": "epd3k5kqfpsntp54ipuk",
                "disk_id": "epd3k5kqfpsntp54ipuk",
                "initialize_params": [
                  {
                    "block_size": 4096,
                    "description": "",
                    "image_id": "fd84itfojin92kj38vmb",
                    "name": "",
                    "size": 10,
                    "snapshot_id": "",
                    "type": "network-ssd"
                  }
                ],
                "mode": "READ_WRITE"
              }
            ],
            "created_at": "2024-07-04T09:54:22Z",
            "description": "",
            "filesystem": [],
            "folder_id": "b1g87jva5roo9n23k4c4",
            "fqdn": "nginx-01.ru-central1.internal",
            "gpu_cluster_id": "",
            "id": "epdd5vubpnssq26n0hmb",
            "instance_id": "epdd5vubpnssq26n0hmb",
            "labels": {},
            "local_disk": [],
            "maintenance_grace_period": "",
            "maintenance_policy": null,
            "metadata": {
              "ssh-keys": "ubuntu:ssh-rsa AAAAB3NzaC1yc2EAAAADAQABAAABgQDHG326ChxLn4Frwc1Spg66bS+7gzVQ/H6RUOmqZyH0uwEGAyF3JHEQtMLNbWQmwc38a7zAg9OJWrpBFYuJSr1+lCGYc29E+PK83e66AkUaSFwGkM00eg0+r5YUVAIcwx7PW9t3wE7srAgsIC7Qe6EUlVkyPavYtffNQEFNTqolDqEG4M8+YsmesdG0zpGGuG/ZFIKoxRJLzMIkH/z3fjSp00VsCnz4aeF9K/pJaOJGmAvNLCISiYNMY/Yt7AQLkaC55uVc32sE/QfxPhrHfQmRoinWOe16L4ykvWsdkB0fn0pTUwX15LyTYp4C17dp8NgVLhDuaJLCc1sXz6E48mHE+pT+G0Z8JKB5vyKuItVWn1v6T1sgwMv7Ht0a+uN+cALhZOHkWAM1FzOcd2pjqaxmSjGo52V60g05UoYG3+p11gBCoVHNvx5yzO76rPZoGJd/KePCxcBqRXXYZbGc/4eYXw/VA/BxFKbg15NryUiTxu38x36IO/66iU+utk5gXl0= mikhail.timofeev@lgepartner.com\n"
            },
            "metadata_options": [
              {
                "aws_v1_http_endpoint": 1,
                "aws_v1_http_token": 2,
                "gce_http_endpoint": 1,
                "gce_http_token": 1
              }
            ],
            "name": "nginx-01",
            "network_acceleration_type": "standard",
            "network_interface": [
              {
                "dns_record": [],
                "index": 0,
                "ip_address": "10.10.10.10",
                "ipv4": true,
                "ipv6": false,
                "ipv6_address": "",
                "ipv6_dns_record": [],
                "mac_address": "d0:0d:d2:ff:cb:cd",
                "nat": false,
                "nat_dns_record": [],
                "nat_ip_address": "",
                "nat_ip_version": "",
                "security_group_ids": [],
                "subnet_id": "e2lju39rdupjahoiur7e"
              }
            ],
            "placement_policy": [
              {
                "host_affinity_rules": [],
                "placement_group_id": "",
                "placement_group_partition": 0
              }
            ],
            "platform_id": "standard-v3",
            "resources": [
              {
                "core_fraction": 100,
                "cores": 2,
                "gpus": 0,
                "memory": 2
              }
            ],
            "scheduling_policy": [
              {
                "preemptible": false
              }
            ],
            "secondary_disk": [],
            "service_account_id": "",
            "status": "running",
            "zone": "ru-central1-b"
          },
          "sensitive_attributes": []
        },
        {
          "index_key": 1,
          "schema_version": 0,
          "attributes": {
            "boot_disk": [
              {
                "auto_delete": true,
                "device_name": "epdd7tjvg8iruihfmv2p",
                "disk_id": "epdd7tjvg8iruihfmv2p",
                "initialize_params": [
                  {
                    "block_size": 4096,
                    "description": "",
                    "image_id": "fd84itfojin92kj38vmb",
                    "name": "",
                    "size": 10,
                    "snapshot_id": "",
                    "type": "network-ssd"
                  }
                ],
                "mode": "READ_WRITE"
              }
            ],
            "created_at": "2024-07-04T09:54:22Z",
            "description": "",
            "filesystem": [],
            "folder_id": "b1g87jva5roo9n23k4c4",
            "fqdn": "nginx-02.ru-central1.internal",
            "gpu_cluster_id": "",
            "id": "epdmn8jag3ugg817h4hv",
            "instance_id": "epdmn8jag3ugg817h4hv",
            "labels": {},
            "local_disk": [],
            "maintenance_grace_period": "",
            "maintenance_policy": null,
            "metadata": {
              "ssh-keys": "ubuntu:ssh-rsa AAAAB3NzaC1yc2EAAAADAQABAAABgQDHG326ChxLn4Frwc1Spg66bS+7gzVQ/H6RUOmqZyH0uwEGAyF3JHEQtMLNbWQmwc38a7zAg9OJWrpBFYuJSr1+lCGYc29E+PK83e66AkUaSFwGkM00eg0+r5YUVAIcwx7PW9t3wE7srAgsIC7Qe6EUlVkyPavYtffNQEFNTqolDqEG4M8+YsmesdG0zpGGuG/ZFIKoxRJLzMIkH/z3fjSp00VsCnz4aeF9K/pJaOJGmAvNLCISiYNMY/Yt7AQLkaC55uVc32sE/QfxPhrHfQmRoinWOe16L4ykvWsdkB0fn0pTUwX15LyTYp4C17dp8NgVLhDuaJLCc1sXz6E48mHE+pT+G0Z8JKB5vyKuItVWn1v6T1sgwMv7Ht0a+uN+cALhZOHkWAM1FzOcd2pjqaxmSjGo52V60g05UoYG3+p11gBCoVHNvx5yzO76rPZoGJd/KePCxcBqRXXYZbGc/4eYXw/VA/BxFKbg15NryUiTxu38x36IO/66iU+utk5gXl0= mikhail.timofeev@lgepartner.com\n"
            },
            "metadata_options": [
              {
                "aws_v1_http_endpoint": 1,
                "aws_v1_http_token": 2,
                "gce_http_endpoint": 1,
                "gce_http_token": 1
              }
            ],
            "name": "nginx-02",
            "network_acceleration_type": "standard",
            "network_interface": [
              {
                "dns_record": [],
                "index": 0,
                "ip_address": "10.10.10.9",
                "ipv4": true,
                "ipv6": false,
                "ipv6_address": "",
                "ipv6_dns_record": [],
                "mac_address": "d0:0d:16:ba:26:a8",
                "nat": false,
                "nat_dns_record": [],
                "nat_ip_address": "",
                "nat_ip_version": "",
                "security_group_ids": [],
                "subnet_id": "e2lju39rdupjahoiur7e"
              }
            ],
            "placement_policy": [
              {
                "host_affinity_rules": [],
                "placement_group_id": "",
                "placement_group_partition": 0
              }
            ],
            "platform_id": "standard-v3",
            "resources": [
              {
                "core_fraction": 100,
                "cores": 2,
                "gpus": 0,
                "memory": 2
              }
            ],
            "scheduling_policy": [
              {
                "preemptible": false
              }
            ],
            "secondary_disk": [],
            "service_account_id": "",
            "status": "running",
            "zone": "ru-central1-b"
          },
          "sensitive_attributes": []
        }
      ]
    },
    {
      "mode": "data",
      "type": "yandex_lb_network_load_balancer",
      "name": "keepalived",
      "provider": "provider[\"registry.terraform.io/yandex-cloud/yandex\"]",
      "instances": [
        {
          "schema_version": 0,
          "attributes": {
            "attached_target_group": [
              {
                "healthcheck": [
                  {
                    "healthy_threshold": 2,
                    "http_options": [
                      {
                        "path": "/ping",
                        "port": 80
                      }
                    ],
                    "interval": 2,
                    "name": "http",
                    "tcp_options": [],
                    "timeout": 1,
                    "unhealthy_threshold": 2
                  }
                ],
                "target_group_id": "enpcd962k9o00vrr4lh8"
              }
            ],
            "created_at": "2024-07-04T09:55:10Z",
            "deletion_protection": false,
            "description": "",
            "folder_id": "b1g87jva5roo9n23k4c4",
            "id": "enpmf9i63mo07qr56kvm",
            "labels": {},
            "listener": [
              {
                "external_address_spec": [
                  {
                    "address": "158.160.140.104",
                    "ip_version": "ipv4"
                  }
                ],
                "internal_address_spec": [],
                "name": "http-listener",
                "port": 80,
                "protocol": "tcp",
                "target_port": 80
              }
            ],
            "name": "network-load-balancer",
            "network_load_balancer_id": "enpmf9i63mo07qr56kvm",
            "region_id": "ru-central1",
            "type": "external"
          },
          "sensitive_attributes": []
        }
      ]
    },
    {
      "mode": "data",
      "type": "yandex_vpc_network",
      "name": "vpc",
      "provider": "provider[\"registry.terraform.io/yandex-cloud/yandex\"]",
      "instances": [
        {
          "schema_version": 0,
          "attributes": {
            "created_at": "2024-07-04T09:54:10Z",
            "default_security_group_id": "enp10dpr54fldccavtuv",
            "description": "",
            "folder_id": "b1g87jva5roo9n23k4c4",
            "id": "enpq8ki7rtocen9ooel2",
            "labels": {},
            "name": "my_vpc_network",
            "network_id": "enpq8ki7rtocen9ooel2",
            "subnet_ids": []
          },
          "sensitive_attributes": []
        }
      ]
    },
    {
      "mode": "managed",
      "type": "local_file",
      "name": "group_vars_all_file",
      "provider": "provider[\"registry.terraform.io/hashicorp/local\"]",
      "instances": [
        {
          "schema_version": 0,
          "attributes": {
            "content": "---\n# group vars\n\nip_address:\n  jump-01: 10.10.10.42\n  db-01: 10.10.10.23\n  db-02: 10.10.10.26\n  db-03: 10.10.10.34\n  iscsi-01: 10.10.10.21\n  backend-01: 10.10.10.24\n  backend-02: 10.10.10.25\n  nginx-01: 10.10.10.10\n  nginx-02: 10.10.10.9\n\n\ndomain: \"mydomain.test\"\nntp_timezone: \"UTC\"\npcs_password: \"strong_pass\" # cluster user: hacluster\ncluster_name: \"hacluster\"\nsubnet_cidrs: \"{ 10.10.10.0/24, }\"",
            "content_base64": null,
            "content_base64sha256": "MdpVnlKDjoGsELkRphXdTNqOdU46ljXR7yuuqMa8mkc=",
            "content_base64sha512": "JiAgjwH7IPg/fcl/WBHbj60DvN5eCZByS4trCsXOwtjoPPaHisc/WPet/HtXsBWem9X6xKwCGyU4A0kucH3rQA==",
            "content_md5": "2f491f481f895408819eb6314d167d40",
            "content_sha1": "b09b882c83ad8b9869c4c8e50ad754dff8cb4bc9",
            "content_sha256": "31da559e52838e81ac10b911a615dd4cda8e754e3a9635d1ef2baea8c6bc9a47",
            "content_sha512": "2620208f01fb20f83f7dc97f5811db8fad03bcde5e0990724b8b6b0ac5cec2d8e83cf6878ac73f58f7adfc7b57b0159e9bd5fac4ac021b253803492e707deb40",
            "directory_permission": "0777",
            "file_permission": "0777",
            "filename": "./group_vars/all/main.yml",
            "id": "b09b882c83ad8b9869c4c8e50ad754dff8cb4bc9",
            "sensitive_content": null,
            "source": null
          },
          "sensitive_attributes": [
            [
              {
                "type": "get_attr",
                "value": "sensitive_content"
              }
            ]
          ],
          "dependencies": [
            "data.yandex_compute_instance.backend-servers",
            "data.yandex_compute_instance.db-servers",
            "data.yandex_compute_instance.iscsi-servers",
            "data.yandex_compute_instance.jump-servers",
            "data.yandex_compute_instance.nginx-servers",
            "data.yandex_vpc_network.vpc",
            "module.backend-servers.yandex_compute_instance.instances",
            "module.db-servers.yandex_compute_instance.instances",
            "module.iscsi-servers.yandex_compute_instance.instances",
            "module.jump-servers.yandex_compute_instance.instances",
            "module.nginx-servers.yandex_compute_instance.instances",
            "yandex_compute_disk.disks",
            "yandex_resourcemanager_folder.folders",
            "yandex_vpc_gateway.nat_gateway",
            "yandex_vpc_network.vpc",
            "yandex_vpc_route_table.rt",
            "yandex_vpc_subnet.subnets"
          ]
        }
      ]
    },
    {
      "mode": "managed",
      "type": "local_file",
      "name": "inventory_file",
      "provider": "provider[\"registry.terraform.io/hashicorp/local\"]",
      "instances": [
        {
          "schema_version": 0,
          "attributes": {
            "content": "\n[all]\njump-01 ansible_host=10.10.10.42\ndb-01 ansible_host=10.10.10.23\ndb-02 ansible_host=10.10.10.26\ndb-03 ansible_host=10.10.10.34\niscsi-01 ansible_host=10.10.10.21\nbackend-01 ansible_host=10.10.10.24\nbackend-02 ansible_host=10.10.10.25\nnginx-01 ansible_host=10.10.10.10\nnginx-02 ansible_host=10.10.10.9\n\n[jump_servers]\njump-01\n\n[db_servers]\ndb-01\ndb-02\ndb-03\n\n[iscsi_servers]\niscsi-01\n\n[backend_servers]\nbackend-01\nbackend-02\n\n[nginx_servers]\nnginx-01\nnginx-02\n\n[all:vars]\nansible_ssh_common_args='-o StrictHostKeyChecking=no -o ProxyJump=\"cloud-user@158.160.16.66\"'\n#ansible_ssh_common_args='-o StrictHostKeyChecking=no -o ProxyCommand=\"ssh -p 22 -W %h:%p -q cloud-user@158.160.16.66\"'",
            "content_base64": null,
            "content_base64sha256": "FLbi+lu5MLISZ1UKPlHoCjMBuG3biMjVuAxWZYlAg5Q=",
            "content_base64sha512": "lVv5ufz24xsQJ7NNdezKzOGYfWmeIVPyq9vV3P1qdgzzUs7+NuhuvEBJFzXql2ja79WsKelQGMCB8oLVDhUlMg==",
            "content_md5": "4612ad6d0064ed3f5ede2265d4920efd",
            "content_sha1": "c001b9afaf3223e53cfbb27a6774dccc6d9243a5",
            "content_sha256": "14b6e2fa5bb930b21267550a3e51e80a3301b86ddb88c8d5b80c566589408394",
            "content_sha512": "955bf9b9fcf6e31b1027b34d75eccacce1987d699e2153f2abdbd5dcfd6a760cf352cefe36e86ebc40491735ea9768daefd5ac29e95018c081f282d50e152532",
            "directory_permission": "0777",
            "file_permission": "0777",
            "filename": "./inventory.ini",
            "id": "c001b9afaf3223e53cfbb27a6774dccc6d9243a5",
            "sensitive_content": null,
            "source": null
          },
          "sensitive_attributes": [
            [
              {
                "type": "get_attr",
                "value": "sensitive_content"
              }
            ]
          ],
          "dependencies": [
            "data.yandex_compute_instance.backend-servers",
            "data.yandex_compute_instance.db-servers",
            "data.yandex_compute_instance.iscsi-servers",
            "data.yandex_compute_instance.jump-servers",
            "data.yandex_compute_instance.nginx-servers",
            "data.yandex_vpc_network.vpc",
            "module.backend-servers.yandex_compute_instance.instances",
            "module.db-servers.yandex_compute_instance.instances",
            "module.iscsi-servers.yandex_compute_instance.instances",
            "module.jump-servers.yandex_compute_instance.instances",
            "module.nginx-servers.yandex_compute_instance.instances",
            "yandex_compute_disk.disks",
            "yandex_resourcemanager_folder.folders",
            "yandex_vpc_gateway.nat_gateway",
            "yandex_vpc_network.vpc",
            "yandex_vpc_route_table.rt",
            "yandex_vpc_subnet.subnets"
          ]
        }
      ]
    },
    {
      "mode": "managed",
      "type": "local_file",
      "name": "provision_file",
      "provider": "provider[\"registry.terraform.io/hashicorp/local\"]",
      "instances": [
        {
          "schema_version": 0,
          "attributes": {
            "content": "---\n- hosts: all\n  #remote_user: cloud-user\n  become: true\n  serial: 5\n  tasks:\n    - name: Set hostname\n      ansible.builtin.hostname:\n        name: \"{{ ansible_hostname }}.{{ domain }}\"\n\n    - name: Add my own IP address to /etc/hosts instead localhost\n      ansible.builtin.replace:\n        path: \"/etc/hosts\"\n        regexp: '^127\\.0\\.0\\.1(\\s+){{ ansible_hostname }}(\\s+){{ ansible_hostname }}.*'\n        replace: \"{{ ansible_host }} {{ ansible_hostname }}.{{ domain }} {{ ansible_hostname }}\"\n\n    - name: Add nodes to /etc/hosts\n      ansible.builtin.lineinfile:\n        path: \"/etc/hosts\"\n        state: present\n        line: \"{{ item }}\"\n      loop:\n        - \"10.10.10.42 jump-01.{{ domain }} jump-01\"\n        - \"10.10.10.23 db-01.{{ domain }} db-01\"\n        - \"10.10.10.26 db-02.{{ domain }} db-02\"\n        - \"10.10.10.34 db-03.{{ domain }} db-03\"\n        - \"10.10.10.21 iscsi-01.{{ domain }} iscsi-01\"\n        - \"10.10.10.24 backend-01.{{ domain }} backend-01\"\n        - \"10.10.10.25 backend-02.{{ domain }} backend-02\"\n        - \"10.10.10.10 nginx-01.{{ domain }} nginx-01\"\n        - \"10.10.10.9 nginx-02.{{ domain }} nginx-02\"\n\n- hosts: all\n  #remote_user: cloud-user\n  become: true\n  serial: 5\n  roles:\n    - { role: chrony, tags: chrony_tag }\n    - { role: jump-servers, when: \"'jump_servers' in group_names\", tags: jump-servers_tag }\n    - { role: db-servers, when: \"'db_servers' in group_names\", tags: db-servers_tag }\n    - { role: iscsi-servers, when: \"'iscsi_servers' in group_names\", tags: iscsi-servers_tag }\n    - { role: backend-servers, when: \"'backend_servers' in group_names\", tags: backend-servers_tag }\n    #- { role: haproxy-servers, when: \"'haproxy_servers' in group_names\" tags: haproxy-servers_tag }\n    - { role: nginx-servers, when: \"'nginx_servers' in group_names\", tags: nginx-servers_tag }",
            "content_base64": null,
            "content_base64sha256": "BBBVYBkiaB9ikNdJswAmjRQzM09/3uRn0tiVZZ1zCw0=",
            "content_base64sha512": "IuniWjKCBJQpvEX4o7F21FeqUH/mhPeTPp6i5Un2fIARZePZpdmoRFD0YMn71F0pXZj7WLp4zJMCnTeY7AuW+A==",
            "content_md5": "0fde2b8399d6fb37e2e0cd5b1486afb4",
            "content_sha1": "bc9528b4bd387e78ce5eb218709c6ea53329768b",
            "content_sha256": "041055601922681f6290d749b300268d1433334f7fdee467d2d895659d730b0d",
            "content_sha512": "22e9e25a3282049429bc45f8a3b176d457aa507fe684f7933e9ea2e549f67c801165e3d9a5d9a84450f460c9fbd45d295d98fb58ba78cc93029d3798ec0b96f8",
            "directory_permission": "0777",
            "file_permission": "0777",
            "filename": "./provision.yml",
            "id": "bc9528b4bd387e78ce5eb218709c6ea53329768b",
            "sensitive_content": null,
            "source": null
          },
          "sensitive_attributes": [
            [
              {
                "type": "get_attr",
                "value": "sensitive_content"
              }
            ]
          ],
          "dependencies": [
            "data.yandex_compute_instance.backend-servers",
            "data.yandex_compute_instance.db-servers",
            "data.yandex_compute_instance.iscsi-servers",
            "data.yandex_compute_instance.jump-servers",
            "data.yandex_compute_instance.nginx-servers",
            "data.yandex_vpc_network.vpc",
            "module.backend-servers.yandex_compute_instance.instances",
            "module.db-servers.yandex_compute_instance.instances",
            "module.iscsi-servers.yandex_compute_instance.instances",
            "module.jump-servers.yandex_compute_instance.instances",
            "module.nginx-servers.yandex_compute_instance.instances",
            "yandex_compute_disk.disks",
            "yandex_resourcemanager_folder.folders",
            "yandex_vpc_gateway.nat_gateway",
            "yandex_vpc_network.vpc",
            "yandex_vpc_route_table.rt",
            "yandex_vpc_subnet.subnets"
          ]
        }
      ]
    },
    {
      "mode": "managed",
      "type": "yandex_compute_disk",
      "name": "disks",
      "provider": "provider[\"registry.terraform.io/yandex-cloud/yandex\"]",
      "instances": [
        {
          "index_key": 0,
          "schema_version": 0,
          "attributes": {
            "allow_recreate": null,
            "block_size": 4096,
            "created_at": "2024-07-04T09:54:10Z",
            "description": "",
            "disk_placement_policy": [
              {
                "disk_placement_group_id": ""
              }
            ],
            "folder_id": "b1g87jva5roo9n23k4c4",
            "id": "epdrmrcn5mjafsdlu160",
            "image_id": "",
            "labels": null,
            "name": "web-01",
            "product_ids": [],
            "size": 1,
            "snapshot_id": "",
            "status": "ready",
            "timeouts": null,
            "type": "network-hdd",
            "zone": "ru-central1-b"
          },
          "sensitive_attributes": [],
          "private": "eyJlMmJmYjczMC1lY2FhLTExZTYtOGY4OC0zNDM2M2JjN2M0YzAiOnsiY3JlYXRlIjozMDAwMDAwMDAwMDAsImRlbGV0ZSI6MzAwMDAwMDAwMDAwLCJ1cGRhdGUiOjMwMDAwMDAwMDAwMH19",
          "dependencies": [
            "yandex_resourcemanager_folder.folders"
          ]
        }
      ]
    },
    {
      "mode": "managed",
      "type": "yandex_lb_network_load_balancer",
      "name": "keepalived",
      "provider": "provider[\"registry.terraform.io/yandex-cloud/yandex\"]",
      "instances": [
        {
          "schema_version": 0,
          "attributes": {
            "attached_target_group": [
              {
                "healthcheck": [
                  {
                    "healthy_threshold": 2,
                    "http_options": [
                      {
                        "path": "/ping",
                        "port": 80
                      }
                    ],
                    "interval": 2,
                    "name": "http",
                    "tcp_options": [],
                    "timeout": 1,
                    "unhealthy_threshold": 2
                  }
                ],
                "target_group_id": "enpcd962k9o00vrr4lh8"
              }
            ],
            "created_at": "2024-07-04T09:55:10Z",
            "deletion_protection": false,
            "description": "",
            "folder_id": "b1g87jva5roo9n23k4c4",
            "id": "enpmf9i63mo07qr56kvm",
            "labels": null,
            "listener": [
              {
                "external_address_spec": [
                  {
                    "address": "158.160.140.104",
                    "ip_version": "ipv4"
                  }
                ],
                "internal_address_spec": [],
                "name": "http-listener",
                "port": 80,
                "protocol": "tcp",
                "target_port": 80
              }
            ],
            "name": "network-load-balancer",
            "region_id": "ru-central1",
            "timeouts": null,
            "type": "external"
          },
          "sensitive_attributes": [],
          "private": "eyJlMmJmYjczMC1lY2FhLTExZTYtOGY4OC0zNDM2M2JjN2M0YzAiOnsiY3JlYXRlIjozMDAwMDAwMDAwMDAsImRlbGV0ZSI6MzAwMDAwMDAwMDAwLCJ1cGRhdGUiOjMwMDAwMDAwMDAwMH19",
          "dependencies": [
            "data.yandex_compute_instance.nginx-servers",
            "data.yandex_vpc_network.vpc",
            "module.nginx-servers.yandex_compute_instance.instances",
            "yandex_compute_disk.disks",
            "yandex_lb_target_group.keepalived_group",
            "yandex_resourcemanager_folder.folders",
            "yandex_vpc_gateway.nat_gateway",
            "yandex_vpc_network.vpc",
            "yandex_vpc_route_table.rt",
            "yandex_vpc_subnet.subnets"
          ]
        }
      ]
    },
    {
      "mode": "managed",
      "type": "yandex_lb_target_group",
      "name": "keepalived_group",
      "provider": "provider[\"registry.terraform.io/yandex-cloud/yandex\"]",
      "instances": [
        {
          "schema_version": 0,
          "attributes": {
            "created_at": "2024-07-04T09:55:08Z",
            "description": "",
            "folder_id": "b1g87jva5roo9n23k4c4",
            "id": "enpcd962k9o00vrr4lh8",
            "labels": null,
            "name": "keepalived-group",
            "region_id": "ru-central1",
            "target": [
              {
                "address": "10.10.10.10",
                "subnet_id": "e2lju39rdupjahoiur7e"
              },
              {
                "address": "10.10.10.9",
                "subnet_id": "e2lju39rdupjahoiur7e"
              }
            ],
            "timeouts": null
          },
          "sensitive_attributes": [],
          "private": "eyJlMmJmYjczMC1lY2FhLTExZTYtOGY4OC0zNDM2M2JjN2M0YzAiOnsiY3JlYXRlIjozMDAwMDAwMDAwMDAsImRlbGV0ZSI6MzAwMDAwMDAwMDAwLCJ1cGRhdGUiOjMwMDAwMDAwMDAwMH19",
          "dependencies": [
            "data.yandex_compute_instance.nginx-servers",
            "data.yandex_vpc_network.vpc",
            "module.nginx-servers.yandex_compute_instance.instances",
            "yandex_compute_disk.disks",
            "yandex_resourcemanager_folder.folders",
            "yandex_vpc_gateway.nat_gateway",
            "yandex_vpc_network.vpc",
            "yandex_vpc_route_table.rt",
            "yandex_vpc_subnet.subnets"
          ]
        }
      ]
    },
    {
      "mode": "managed",
      "type": "yandex_resourcemanager_folder",
      "name": "folders",
      "provider": "provider[\"registry.terraform.io/yandex-cloud/yandex\"]",
      "instances": [
        {
          "index_key": "lab-folder",
          "schema_version": 0,
          "attributes": {
            "cloud_id": "b1gbannjquqlafpgb0jg",
            "created_at": "2024-07-04T09:54:07Z",
            "description": "",
            "id": "b1g87jva5roo9n23k4c4",
            "labels": null,
            "name": "lab-folder",
            "timeouts": null
          },
          "sensitive_attributes": [],
          "private": "eyJlMmJmYjczMC1lY2FhLTExZTYtOGY4OC0zNDM2M2JjN2M0YzAiOnsiY3JlYXRlIjo2MDAwMDAwMDAwMCwiZGVsZXRlIjoxODAwMDAwMDAwMDAwLCJyZWFkIjo2MDAwMDAwMDAwMCwidXBkYXRlIjo2MDAwMDAwMDAwMH19"
        }
      ]
    },
    {
      "mode": "managed",
      "type": "yandex_vpc_gateway",
      "name": "nat_gateway",
      "provider": "provider[\"registry.terraform.io/yandex-cloud/yandex\"]",
      "instances": [
        {
          "schema_version": 0,
          "attributes": {
            "created_at": "2024-07-04T09:54:10Z",
            "description": "",
            "folder_id": "b1g87jva5roo9n23k4c4",
            "id": "enpkq1rhshv25390sfep",
            "labels": {},
            "name": "test-gateway",
            "shared_egress_gateway": [
              {}
            ],
            "timeouts": null
          },
          "sensitive_attributes": [],
          "private": "eyJlMmJmYjczMC1lY2FhLTExZTYtOGY4OC0zNDM2M2JjN2M0YzAiOnsiY3JlYXRlIjo2MDAwMDAwMDAwMCwiZGVsZXRlIjo2MDAwMDAwMDAwMCwidXBkYXRlIjo2MDAwMDAwMDAwMH19",
          "dependencies": [
            "yandex_resourcemanager_folder.folders"
          ]
        }
      ]
    },
    {
      "mode": "managed",
      "type": "yandex_vpc_network",
      "name": "vpc",
      "provider": "provider[\"registry.terraform.io/yandex-cloud/yandex\"]",
      "instances": [
        {
          "schema_version": 0,
          "attributes": {
            "created_at": "2024-07-04T09:54:10Z",
            "default_security_group_id": "enp10dpr54fldccavtuv",
            "description": "",
            "folder_id": "b1g87jva5roo9n23k4c4",
            "id": "enpq8ki7rtocen9ooel2",
            "labels": {},
            "name": "my_vpc_network",
            "subnet_ids": [],
            "timeouts": null
          },
          "sensitive_attributes": [],
          "private": "eyJlMmJmYjczMC1lY2FhLTExZTYtOGY4OC0zNDM2M2JjN2M0YzAiOnsiY3JlYXRlIjo2MDAwMDAwMDAwMCwiZGVsZXRlIjo2MDAwMDAwMDAwMCwidXBkYXRlIjo2MDAwMDAwMDAwMH19",
          "dependencies": [
            "yandex_resourcemanager_folder.folders"
          ]
        }
      ]
    },
    {
      "mode": "managed",
      "type": "yandex_vpc_route_table",
      "name": "rt",
      "provider": "provider[\"registry.terraform.io/yandex-cloud/yandex\"]",
      "instances": [
        {
          "schema_version": 0,
          "attributes": {
            "created_at": "2024-07-04T09:54:12Z",
            "description": "",
            "folder_id": "b1g87jva5roo9n23k4c4",
            "id": "enpe3vdncpplc979i7mg",
            "labels": {},
            "name": "test-route-table",
            "network_id": "enpq8ki7rtocen9ooel2",
            "static_route": [
              {
                "destination_prefix": "0.0.0.0/0",
                "gateway_id": "enpkq1rhshv25390sfep",
                "next_hop_address": ""
              }
            ],
            "timeouts": null
          },
          "sensitive_attributes": [],
          "private": "eyJlMmJmYjczMC1lY2FhLTExZTYtOGY4OC0zNDM2M2JjN2M0YzAiOnsiY3JlYXRlIjoxODAwMDAwMDAwMDAsImRlbGV0ZSI6MTgwMDAwMDAwMDAwLCJ1cGRhdGUiOjE4MDAwMDAwMDAwMH19",
          "dependencies": [
            "yandex_resourcemanager_folder.folders",
            "yandex_vpc_gateway.nat_gateway",
            "yandex_vpc_network.vpc"
          ]
        }
      ]
    },
    {
      "mode": "managed",
      "type": "yandex_vpc_subnet",
      "name": "subnets",
      "provider": "provider[\"registry.terraform.io/yandex-cloud/yandex\"]",
      "instances": [
        {
          "index_key": "lab-subnet",
          "schema_version": 0,
          "attributes": {
            "created_at": "2024-07-04T09:54:13Z",
            "description": "",
            "dhcp_options": [],
            "folder_id": "b1g87jva5roo9n23k4c4",
            "id": "e2lju39rdupjahoiur7e",
            "labels": {},
            "name": "lab-subnet",
            "network_id": "enpq8ki7rtocen9ooel2",
            "route_table_id": "enpe3vdncpplc979i7mg",
            "timeouts": null,
            "v4_cidr_blocks": [
              "10.10.10.0/24"
            ],
            "v6_cidr_blocks": [],
            "zone": "ru-central1-b"
          },
          "sensitive_attributes": [],
          "private": "eyJlMmJmYjczMC1lY2FhLTExZTYtOGY4OC0zNDM2M2JjN2M0YzAiOnsiY3JlYXRlIjoxODAwMDAwMDAwMDAsImRlbGV0ZSI6MTgwMDAwMDAwMDAwLCJ1cGRhdGUiOjE4MDAwMDAwMDAwMH19",
          "dependencies": [
            "data.yandex_vpc_network.vpc",
            "yandex_resourcemanager_folder.folders",
            "yandex_vpc_gateway.nat_gateway",
            "yandex_vpc_network.vpc",
            "yandex_vpc_route_table.rt"
          ]
        }
      ]
    },
    {
      "module": "module.backend-servers[0]",
      "mode": "managed",
      "type": "yandex_compute_instance",
      "name": "instances",
      "provider": "provider[\"registry.terraform.io/yandex-cloud/yandex\"]",
      "instances": [
        {
          "schema_version": 1,
          "attributes": {
            "allow_recreate": null,
            "allow_stopping_for_update": true,
            "boot_disk": [
              {
                "auto_delete": true,
                "device_name": "epdjom9gsla1kdkgakle",
                "disk_id": "epdjom9gsla1kdkgakle",
                "initialize_params": [
                  {
                    "block_size": 4096,
                    "description": "",
                    "image_id": "fd84itfojin92kj38vmb",
                    "name": "",
                    "size": 10,
                    "snapshot_id": "",
                    "type": "network-ssd"
                  }
                ],
                "mode": "READ_WRITE"
              }
            ],
            "created_at": "2024-07-04T09:54:22Z",
            "description": "",
            "filesystem": [],
            "folder_id": "b1g87jva5roo9n23k4c4",
            "fqdn": "backend-01.ru-central1.internal",
            "gpu_cluster_id": "",
            "hostname": "backend-01",
            "id": "epdds0nqb74vutcsd2me",
            "labels": null,
            "local_disk": [],
            "maintenance_grace_period": "",
            "maintenance_policy": null,
            "metadata": {
              "ssh-keys": "ubuntu:ssh-rsa AAAAB3NzaC1yc2EAAAADAQABAAABgQDHG326ChxLn4Frwc1Spg66bS+7gzVQ/H6RUOmqZyH0uwEGAyF3JHEQtMLNbWQmwc38a7zAg9OJWrpBFYuJSr1+lCGYc29E+PK83e66AkUaSFwGkM00eg0+r5YUVAIcwx7PW9t3wE7srAgsIC7Qe6EUlVkyPavYtffNQEFNTqolDqEG4M8+YsmesdG0zpGGuG/ZFIKoxRJLzMIkH/z3fjSp00VsCnz4aeF9K/pJaOJGmAvNLCISiYNMY/Yt7AQLkaC55uVc32sE/QfxPhrHfQmRoinWOe16L4ykvWsdkB0fn0pTUwX15LyTYp4C17dp8NgVLhDuaJLCc1sXz6E48mHE+pT+G0Z8JKB5vyKuItVWn1v6T1sgwMv7Ht0a+uN+cALhZOHkWAM1FzOcd2pjqaxmSjGo52V60g05UoYG3+p11gBCoVHNvx5yzO76rPZoGJd/KePCxcBqRXXYZbGc/4eYXw/VA/BxFKbg15NryUiTxu38x36IO/66iU+utk5gXl0= mikhail.timofeev@lgepartner.com\n"
            },
            "metadata_options": [
              {
                "aws_v1_http_endpoint": 1,
                "aws_v1_http_token": 2,
                "gce_http_endpoint": 1,
                "gce_http_token": 1
              }
            ],
            "name": "backend-01",
            "network_acceleration_type": "standard",
            "network_interface": [
              {
                "dns_record": [],
                "index": 0,
                "ip_address": "10.10.10.24",
                "ipv4": true,
                "ipv6": false,
                "ipv6_address": "",
                "ipv6_dns_record": [],
                "mac_address": "d0:0d:de:02:fa:59",
                "nat": false,
                "nat_dns_record": [],
                "nat_ip_address": "",
                "nat_ip_version": "",
                "security_group_ids": [],
                "subnet_id": "e2lju39rdupjahoiur7e"
              }
            ],
            "placement_policy": [
              {
                "host_affinity_rules": [],
                "placement_group_id": "",
                "placement_group_partition": 0
              }
            ],
            "platform_id": "standard-v3",
            "resources": [
              {
                "core_fraction": 100,
                "cores": 2,
                "gpus": 0,
                "memory": 2
              }
            ],
            "scheduling_policy": [
              {
                "preemptible": false
              }
            ],
            "secondary_disk": [],
            "service_account_id": "",
            "status": "running",
            "timeouts": null,
            "zone": "ru-central1-b"
          },
          "sensitive_attributes": [],
          "private": "eyJlMmJmYjczMC1lY2FhLTExZTYtOGY4OC0zNDM2M2JjN2M0YzAiOnsiY3JlYXRlIjozMDAwMDAwMDAwMDAsImRlbGV0ZSI6MzAwMDAwMDAwMDAwLCJ1cGRhdGUiOjMwMDAwMDAwMDAwMH0sInNjaGVtYV92ZXJzaW9uIjoiMSJ9",
          "dependencies": [
            "data.yandex_vpc_network.vpc",
            "yandex_compute_disk.disks",
            "yandex_resourcemanager_folder.folders",
            "yandex_vpc_gateway.nat_gateway",
            "yandex_vpc_network.vpc",
            "yandex_vpc_route_table.rt",
            "yandex_vpc_subnet.subnets"
          ]
        }
      ]
    },
    {
      "module": "module.backend-servers[1]",
      "mode": "managed",
      "type": "yandex_compute_instance",
      "name": "instances",
      "provider": "provider[\"registry.terraform.io/yandex-cloud/yandex\"]",
      "instances": [
        {
          "schema_version": 1,
          "attributes": {
            "allow_recreate": null,
            "allow_stopping_for_update": true,
            "boot_disk": [
              {
                "auto_delete": true,
                "device_name": "epdsmo4u5ph8hdsujg9e",
                "disk_id": "epdsmo4u5ph8hdsujg9e",
                "initialize_params": [
                  {
                    "block_size": 4096,
                    "description": "",
                    "image_id": "fd84itfojin92kj38vmb",
                    "name": "",
                    "size": 10,
                    "snapshot_id": "",
                    "type": "network-ssd"
                  }
                ],
                "mode": "READ_WRITE"
              }
            ],
            "created_at": "2024-07-04T09:54:22Z",
            "description": "",
            "filesystem": [],
            "folder_id": "b1g87jva5roo9n23k4c4",
            "fqdn": "backend-02.ru-central1.internal",
            "gpu_cluster_id": "",
            "hostname": "backend-02",
            "id": "epd6k9gj8rlk8logme4g",
            "labels": null,
            "local_disk": [],
            "maintenance_grace_period": "",
            "maintenance_policy": null,
            "metadata": {
              "ssh-keys": "ubuntu:ssh-rsa AAAAB3NzaC1yc2EAAAADAQABAAABgQDHG326ChxLn4Frwc1Spg66bS+7gzVQ/H6RUOmqZyH0uwEGAyF3JHEQtMLNbWQmwc38a7zAg9OJWrpBFYuJSr1+lCGYc29E+PK83e66AkUaSFwGkM00eg0+r5YUVAIcwx7PW9t3wE7srAgsIC7Qe6EUlVkyPavYtffNQEFNTqolDqEG4M8+YsmesdG0zpGGuG/ZFIKoxRJLzMIkH/z3fjSp00VsCnz4aeF9K/pJaOJGmAvNLCISiYNMY/Yt7AQLkaC55uVc32sE/QfxPhrHfQmRoinWOe16L4ykvWsdkB0fn0pTUwX15LyTYp4C17dp8NgVLhDuaJLCc1sXz6E48mHE+pT+G0Z8JKB5vyKuItVWn1v6T1sgwMv7Ht0a+uN+cALhZOHkWAM1FzOcd2pjqaxmSjGo52V60g05UoYG3+p11gBCoVHNvx5yzO76rPZoGJd/KePCxcBqRXXYZbGc/4eYXw/VA/BxFKbg15NryUiTxu38x36IO/66iU+utk5gXl0= mikhail.timofeev@lgepartner.com\n"
            },
            "metadata_options": [
              {
                "aws_v1_http_endpoint": 1,
                "aws_v1_http_token": 2,
                "gce_http_endpoint": 1,
                "gce_http_token": 1
              }
            ],
            "name": "backend-02",
            "network_acceleration_type": "standard",
            "network_interface": [
              {
                "dns_record": [],
                "index": 0,
                "ip_address": "10.10.10.25",
                "ipv4": true,
                "ipv6": false,
                "ipv6_address": "",
                "ipv6_dns_record": [],
                "mac_address": "d0:0d:6a:26:13:46",
                "nat": false,
                "nat_dns_record": [],
                "nat_ip_address": "",
                "nat_ip_version": "",
                "security_group_ids": [],
                "subnet_id": "e2lju39rdupjahoiur7e"
              }
            ],
            "placement_policy": [
              {
                "host_affinity_rules": [],
                "placement_group_id": "",
                "placement_group_partition": 0
              }
            ],
            "platform_id": "standard-v3",
            "resources": [
              {
                "core_fraction": 100,
                "cores": 2,
                "gpus": 0,
                "memory": 2
              }
            ],
            "scheduling_policy": [
              {
                "preemptible": false
              }
            ],
            "secondary_disk": [],
            "service_account_id": "",
            "status": "running",
            "timeouts": null,
            "zone": "ru-central1-b"
          },
          "sensitive_attributes": [],
          "private": "eyJlMmJmYjczMC1lY2FhLTExZTYtOGY4OC0zNDM2M2JjN2M0YzAiOnsiY3JlYXRlIjozMDAwMDAwMDAwMDAsImRlbGV0ZSI6MzAwMDAwMDAwMDAwLCJ1cGRhdGUiOjMwMDAwMDAwMDAwMH0sInNjaGVtYV92ZXJzaW9uIjoiMSJ9",
          "dependencies": [
            "data.yandex_vpc_network.vpc",
            "yandex_compute_disk.disks",
            "yandex_resourcemanager_folder.folders",
            "yandex_vpc_gateway.nat_gateway",
            "yandex_vpc_network.vpc",
            "yandex_vpc_route_table.rt",
            "yandex_vpc_subnet.subnets"
          ]
        }
      ]
    },
    {
      "module": "module.db-servers[0]",
      "mode": "managed",
      "type": "yandex_compute_instance",
      "name": "instances",
      "provider": "provider[\"registry.terraform.io/yandex-cloud/yandex\"]",
      "instances": [
        {
          "schema_version": 1,
          "attributes": {
            "allow_recreate": null,
            "allow_stopping_for_update": true,
            "boot_disk": [
              {
                "auto_delete": true,
                "device_name": "epd9gmqgg3ovnbvdat73",
                "disk_id": "epd9gmqgg3ovnbvdat73",
                "initialize_params": [
                  {
                    "block_size": 4096,
                    "description": "",
                    "image_id": "fd84itfojin92kj38vmb",
                    "name": "",
                    "size": 10,
                    "snapshot_id": "",
                    "type": "network-ssd"
                  }
                ],
                "mode": "READ_WRITE"
              }
            ],
            "created_at": "2024-07-04T09:54:22Z",
            "description": "",
            "filesystem": [],
            "folder_id": "b1g87jva5roo9n23k4c4",
            "fqdn": "db-01.ru-central1.internal",
            "gpu_cluster_id": "",
            "hostname": "db-01",
            "id": "epd16f6p4a9ssfgkcbnp",
            "labels": null,
            "local_disk": [],
            "maintenance_grace_period": "",
            "maintenance_policy": null,
            "metadata": {
              "ssh-keys": "ubuntu:ssh-rsa AAAAB3NzaC1yc2EAAAADAQABAAABgQDHG326ChxLn4Frwc1Spg66bS+7gzVQ/H6RUOmqZyH0uwEGAyF3JHEQtMLNbWQmwc38a7zAg9OJWrpBFYuJSr1+lCGYc29E+PK83e66AkUaSFwGkM00eg0+r5YUVAIcwx7PW9t3wE7srAgsIC7Qe6EUlVkyPavYtffNQEFNTqolDqEG4M8+YsmesdG0zpGGuG/ZFIKoxRJLzMIkH/z3fjSp00VsCnz4aeF9K/pJaOJGmAvNLCISiYNMY/Yt7AQLkaC55uVc32sE/QfxPhrHfQmRoinWOe16L4ykvWsdkB0fn0pTUwX15LyTYp4C17dp8NgVLhDuaJLCc1sXz6E48mHE+pT+G0Z8JKB5vyKuItVWn1v6T1sgwMv7Ht0a+uN+cALhZOHkWAM1FzOcd2pjqaxmSjGo52V60g05UoYG3+p11gBCoVHNvx5yzO76rPZoGJd/KePCxcBqRXXYZbGc/4eYXw/VA/BxFKbg15NryUiTxu38x36IO/66iU+utk5gXl0= mikhail.timofeev@lgepartner.com\n"
            },
            "metadata_options": [
              {
                "aws_v1_http_endpoint": 1,
                "aws_v1_http_token": 2,
                "gce_http_endpoint": 1,
                "gce_http_token": 1
              }
            ],
            "name": "db-01",
            "network_acceleration_type": "standard",
            "network_interface": [
              {
                "dns_record": [],
                "index": 0,
                "ip_address": "10.10.10.23",
                "ipv4": true,
                "ipv6": false,
                "ipv6_address": "",
                "ipv6_dns_record": [],
                "mac_address": "d0:0d:13:3c:d9:22",
                "nat": false,
                "nat_dns_record": [],
                "nat_ip_address": "",
                "nat_ip_version": "",
                "security_group_ids": [],
                "subnet_id": "e2lju39rdupjahoiur7e"
              }
            ],
            "placement_policy": [
              {
                "host_affinity_rules": [],
                "placement_group_id": "",
                "placement_group_partition": 0
              }
            ],
            "platform_id": "standard-v3",
            "resources": [
              {
                "core_fraction": 100,
                "cores": 2,
                "gpus": 0,
                "memory": 2
              }
            ],
            "scheduling_policy": [
              {
                "preemptible": false
              }
            ],
            "secondary_disk": [],
            "service_account_id": "",
            "status": "running",
            "timeouts": null,
            "zone": "ru-central1-b"
          },
          "sensitive_attributes": [],
          "private": "eyJlMmJmYjczMC1lY2FhLTExZTYtOGY4OC0zNDM2M2JjN2M0YzAiOnsiY3JlYXRlIjozMDAwMDAwMDAwMDAsImRlbGV0ZSI6MzAwMDAwMDAwMDAwLCJ1cGRhdGUiOjMwMDAwMDAwMDAwMH0sInNjaGVtYV92ZXJzaW9uIjoiMSJ9",
          "dependencies": [
            "data.yandex_vpc_network.vpc",
            "yandex_compute_disk.disks",
            "yandex_resourcemanager_folder.folders",
            "yandex_vpc_gateway.nat_gateway",
            "yandex_vpc_network.vpc",
            "yandex_vpc_route_table.rt",
            "yandex_vpc_subnet.subnets"
          ]
        }
      ]
    },
    {
      "module": "module.db-servers[1]",
      "mode": "managed",
      "type": "yandex_compute_instance",
      "name": "instances",
      "provider": "provider[\"registry.terraform.io/yandex-cloud/yandex\"]",
      "instances": [
        {
          "schema_version": 1,
          "attributes": {
            "allow_recreate": null,
            "allow_stopping_for_update": true,
            "boot_disk": [
              {
                "auto_delete": true,
                "device_name": "epdjg4q30gvqvtndnlfg",
                "disk_id": "epdjg4q30gvqvtndnlfg",
                "initialize_params": [
                  {
                    "block_size": 4096,
                    "description": "",
                    "image_id": "fd84itfojin92kj38vmb",
                    "name": "",
                    "size": 10,
                    "snapshot_id": "",
                    "type": "network-ssd"
                  }
                ],
                "mode": "READ_WRITE"
              }
            ],
            "created_at": "2024-07-04T09:54:22Z",
            "description": "",
            "filesystem": [],
            "folder_id": "b1g87jva5roo9n23k4c4",
            "fqdn": "db-02.ru-central1.internal",
            "gpu_cluster_id": "",
            "hostname": "db-02",
            "id": "epd95j64aus4a3qcassh",
            "labels": null,
            "local_disk": [],
            "maintenance_grace_period": "",
            "maintenance_policy": null,
            "metadata": {
              "ssh-keys": "ubuntu:ssh-rsa AAAAB3NzaC1yc2EAAAADAQABAAABgQDHG326ChxLn4Frwc1Spg66bS+7gzVQ/H6RUOmqZyH0uwEGAyF3JHEQtMLNbWQmwc38a7zAg9OJWrpBFYuJSr1+lCGYc29E+PK83e66AkUaSFwGkM00eg0+r5YUVAIcwx7PW9t3wE7srAgsIC7Qe6EUlVkyPavYtffNQEFNTqolDqEG4M8+YsmesdG0zpGGuG/ZFIKoxRJLzMIkH/z3fjSp00VsCnz4aeF9K/pJaOJGmAvNLCISiYNMY/Yt7AQLkaC55uVc32sE/QfxPhrHfQmRoinWOe16L4ykvWsdkB0fn0pTUwX15LyTYp4C17dp8NgVLhDuaJLCc1sXz6E48mHE+pT+G0Z8JKB5vyKuItVWn1v6T1sgwMv7Ht0a+uN+cALhZOHkWAM1FzOcd2pjqaxmSjGo52V60g05UoYG3+p11gBCoVHNvx5yzO76rPZoGJd/KePCxcBqRXXYZbGc/4eYXw/VA/BxFKbg15NryUiTxu38x36IO/66iU+utk5gXl0= mikhail.timofeev@lgepartner.com\n"
            },
            "metadata_options": [
              {
                "aws_v1_http_endpoint": 1,
                "aws_v1_http_token": 2,
                "gce_http_endpoint": 1,
                "gce_http_token": 1
              }
            ],
            "name": "db-02",
            "network_acceleration_type": "standard",
            "network_interface": [
              {
                "dns_record": [],
                "index": 0,
                "ip_address": "10.10.10.26",
                "ipv4": true,
                "ipv6": false,
                "ipv6_address": "",
                "ipv6_dns_record": [],
                "mac_address": "d0:0d:92:cc:c4:57",
                "nat": false,
                "nat_dns_record": [],
                "nat_ip_address": "",
                "nat_ip_version": "",
                "security_group_ids": [],
                "subnet_id": "e2lju39rdupjahoiur7e"
              }
            ],
            "placement_policy": [
              {
                "host_affinity_rules": [],
                "placement_group_id": "",
                "placement_group_partition": 0
              }
            ],
            "platform_id": "standard-v3",
            "resources": [
              {
                "core_fraction": 100,
                "cores": 2,
                "gpus": 0,
                "memory": 2
              }
            ],
            "scheduling_policy": [
              {
                "preemptible": false
              }
            ],
            "secondary_disk": [],
            "service_account_id": "",
            "status": "running",
            "timeouts": null,
            "zone": "ru-central1-b"
          },
          "sensitive_attributes": [],
          "private": "eyJlMmJmYjczMC1lY2FhLTExZTYtOGY4OC0zNDM2M2JjN2M0YzAiOnsiY3JlYXRlIjozMDAwMDAwMDAwMDAsImRlbGV0ZSI6MzAwMDAwMDAwMDAwLCJ1cGRhdGUiOjMwMDAwMDAwMDAwMH0sInNjaGVtYV92ZXJzaW9uIjoiMSJ9",
          "dependencies": [
            "data.yandex_vpc_network.vpc",
            "yandex_compute_disk.disks",
            "yandex_resourcemanager_folder.folders",
            "yandex_vpc_gateway.nat_gateway",
            "yandex_vpc_network.vpc",
            "yandex_vpc_route_table.rt",
            "yandex_vpc_subnet.subnets"
          ]
        }
      ]
    },
    {
      "module": "module.db-servers[2]",
      "mode": "managed",
      "type": "yandex_compute_instance",
      "name": "instances",
      "provider": "provider[\"registry.terraform.io/yandex-cloud/yandex\"]",
      "instances": [
        {
          "schema_version": 1,
          "attributes": {
            "allow_recreate": null,
            "allow_stopping_for_update": true,
            "boot_disk": [
              {
                "auto_delete": true,
                "device_name": "epd16ke5b8b4s8qhnuo0",
                "disk_id": "epd16ke5b8b4s8qhnuo0",
                "initialize_params": [
                  {
                    "block_size": 4096,
                    "description": "",
                    "image_id": "fd84itfojin92kj38vmb",
                    "name": "",
                    "size": 10,
                    "snapshot_id": "",
                    "type": "network-ssd"
                  }
                ],
                "mode": "READ_WRITE"
              }
            ],
            "created_at": "2024-07-04T09:54:22Z",
            "description": "",
            "filesystem": [],
            "folder_id": "b1g87jva5roo9n23k4c4",
            "fqdn": "db-03.ru-central1.internal",
            "gpu_cluster_id": "",
            "hostname": "db-03",
            "id": "epdcbbe0thjuhug34pkt",
            "labels": null,
            "local_disk": [],
            "maintenance_grace_period": "",
            "maintenance_policy": null,
            "metadata": {
              "ssh-keys": "ubuntu:ssh-rsa AAAAB3NzaC1yc2EAAAADAQABAAABgQDHG326ChxLn4Frwc1Spg66bS+7gzVQ/H6RUOmqZyH0uwEGAyF3JHEQtMLNbWQmwc38a7zAg9OJWrpBFYuJSr1+lCGYc29E+PK83e66AkUaSFwGkM00eg0+r5YUVAIcwx7PW9t3wE7srAgsIC7Qe6EUlVkyPavYtffNQEFNTqolDqEG4M8+YsmesdG0zpGGuG/ZFIKoxRJLzMIkH/z3fjSp00VsCnz4aeF9K/pJaOJGmAvNLCISiYNMY/Yt7AQLkaC55uVc32sE/QfxPhrHfQmRoinWOe16L4ykvWsdkB0fn0pTUwX15LyTYp4C17dp8NgVLhDuaJLCc1sXz6E48mHE+pT+G0Z8JKB5vyKuItVWn1v6T1sgwMv7Ht0a+uN+cALhZOHkWAM1FzOcd2pjqaxmSjGo52V60g05UoYG3+p11gBCoVHNvx5yzO76rPZoGJd/KePCxcBqRXXYZbGc/4eYXw/VA/BxFKbg15NryUiTxu38x36IO/66iU+utk5gXl0= mikhail.timofeev@lgepartner.com\n"
            },
            "metadata_options": [
              {
                "aws_v1_http_endpoint": 1,
                "aws_v1_http_token": 2,
                "gce_http_endpoint": 1,
                "gce_http_token": 1
              }
            ],
            "name": "db-03",
            "network_acceleration_type": "standard",
            "network_interface": [
              {
                "dns_record": [],
                "index": 0,
                "ip_address": "10.10.10.34",
                "ipv4": true,
                "ipv6": false,
                "ipv6_address": "",
                "ipv6_dns_record": [],
                "mac_address": "d0:0d:c5:ad:c0:ec",
                "nat": false,
                "nat_dns_record": [],
                "nat_ip_address": "",
                "nat_ip_version": "",
                "security_group_ids": [],
                "subnet_id": "e2lju39rdupjahoiur7e"
              }
            ],
            "placement_policy": [
              {
                "host_affinity_rules": [],
                "placement_group_id": "",
                "placement_group_partition": 0
              }
            ],
            "platform_id": "standard-v3",
            "resources": [
              {
                "core_fraction": 100,
                "cores": 2,
                "gpus": 0,
                "memory": 2
              }
            ],
            "scheduling_policy": [
              {
                "preemptible": false
              }
            ],
            "secondary_disk": [],
            "service_account_id": "",
            "status": "running",
            "timeouts": null,
            "zone": "ru-central1-b"
          },
          "sensitive_attributes": [],
          "private": "eyJlMmJmYjczMC1lY2FhLTExZTYtOGY4OC0zNDM2M2JjN2M0YzAiOnsiY3JlYXRlIjozMDAwMDAwMDAwMDAsImRlbGV0ZSI6MzAwMDAwMDAwMDAwLCJ1cGRhdGUiOjMwMDAwMDAwMDAwMH0sInNjaGVtYV92ZXJzaW9uIjoiMSJ9",
          "dependencies": [
            "data.yandex_vpc_network.vpc",
            "yandex_compute_disk.disks",
            "yandex_resourcemanager_folder.folders",
            "yandex_vpc_gateway.nat_gateway",
            "yandex_vpc_network.vpc",
            "yandex_vpc_route_table.rt",
            "yandex_vpc_subnet.subnets"
          ]
        }
      ]
    },
    {
      "module": "module.iscsi-servers[0]",
      "mode": "managed",
      "type": "yandex_compute_instance",
      "name": "instances",
      "provider": "provider[\"registry.terraform.io/yandex-cloud/yandex\"]",
      "instances": [
        {
          "schema_version": 1,
          "attributes": {
            "allow_recreate": null,
            "allow_stopping_for_update": true,
            "boot_disk": [
              {
                "auto_delete": true,
                "device_name": "epdihsr6rs91q8sd1obp",
                "disk_id": "epdihsr6rs91q8sd1obp",
                "initialize_params": [
                  {
                    "block_size": 4096,
                    "description": "",
                    "image_id": "fd84itfojin92kj38vmb",
                    "name": "",
                    "size": 10,
                    "snapshot_id": "",
                    "type": "network-ssd"
                  }
                ],
                "mode": "READ_WRITE"
              }
            ],
            "created_at": "2024-07-04T09:54:22Z",
            "description": "",
            "filesystem": [],
            "folder_id": "b1g87jva5roo9n23k4c4",
            "fqdn": "iscsi-01.ru-central1.internal",
            "gpu_cluster_id": "",
            "hostname": "iscsi-01",
            "id": "epdfpn76eve99quvndos",
            "labels": null,
            "local_disk": [],
            "maintenance_grace_period": "",
            "maintenance_policy": null,
            "metadata": {
              "ssh-keys": "ubuntu:ssh-rsa AAAAB3NzaC1yc2EAAAADAQABAAABgQDHG326ChxLn4Frwc1Spg66bS+7gzVQ/H6RUOmqZyH0uwEGAyF3JHEQtMLNbWQmwc38a7zAg9OJWrpBFYuJSr1+lCGYc29E+PK83e66AkUaSFwGkM00eg0+r5YUVAIcwx7PW9t3wE7srAgsIC7Qe6EUlVkyPavYtffNQEFNTqolDqEG4M8+YsmesdG0zpGGuG/ZFIKoxRJLzMIkH/z3fjSp00VsCnz4aeF9K/pJaOJGmAvNLCISiYNMY/Yt7AQLkaC55uVc32sE/QfxPhrHfQmRoinWOe16L4ykvWsdkB0fn0pTUwX15LyTYp4C17dp8NgVLhDuaJLCc1sXz6E48mHE+pT+G0Z8JKB5vyKuItVWn1v6T1sgwMv7Ht0a+uN+cALhZOHkWAM1FzOcd2pjqaxmSjGo52V60g05UoYG3+p11gBCoVHNvx5yzO76rPZoGJd/KePCxcBqRXXYZbGc/4eYXw/VA/BxFKbg15NryUiTxu38x36IO/66iU+utk5gXl0= mikhail.timofeev@lgepartner.com\n"
            },
            "metadata_options": [
              {
                "aws_v1_http_endpoint": 1,
                "aws_v1_http_token": 2,
                "gce_http_endpoint": 1,
                "gce_http_token": 1
              }
            ],
            "name": "iscsi-01",
            "network_acceleration_type": "standard",
            "network_interface": [
              {
                "dns_record": [],
                "index": 0,
                "ip_address": "10.10.10.21",
                "ipv4": true,
                "ipv6": false,
                "ipv6_address": "",
                "ipv6_dns_record": [],
                "mac_address": "d0:0d:fc:dc:e6:77",
                "nat": false,
                "nat_dns_record": [],
                "nat_ip_address": "",
                "nat_ip_version": "",
                "security_group_ids": [],
                "subnet_id": "e2lju39rdupjahoiur7e"
              }
            ],
            "placement_policy": [
              {
                "host_affinity_rules": [],
                "placement_group_id": "",
                "placement_group_partition": 0
              }
            ],
            "platform_id": "standard-v3",
            "resources": [
              {
                "core_fraction": 100,
                "cores": 2,
                "gpus": 0,
                "memory": 2
              }
            ],
            "scheduling_policy": [
              {
                "preemptible": false
              }
            ],
            "secondary_disk": [
              {
                "auto_delete": true,
                "device_name": "epdrmrcn5mjafsdlu160",
                "disk_id": "epdrmrcn5mjafsdlu160",
                "mode": "READ_WRITE"
              }
            ],
            "service_account_id": "",
            "status": "running",
            "timeouts": null,
            "zone": "ru-central1-b"
          },
          "sensitive_attributes": [],
          "private": "eyJlMmJmYjczMC1lY2FhLTExZTYtOGY4OC0zNDM2M2JjN2M0YzAiOnsiY3JlYXRlIjozMDAwMDAwMDAwMDAsImRlbGV0ZSI6MzAwMDAwMDAwMDAwLCJ1cGRhdGUiOjMwMDAwMDAwMDAwMH0sInNjaGVtYV92ZXJzaW9uIjoiMSJ9",
          "dependencies": [
            "data.yandex_vpc_network.vpc",
            "yandex_compute_disk.disks",
            "yandex_resourcemanager_folder.folders",
            "yandex_vpc_gateway.nat_gateway",
            "yandex_vpc_network.vpc",
            "yandex_vpc_route_table.rt",
            "yandex_vpc_subnet.subnets"
          ]
        }
      ]
    },
    {
      "module": "module.jump-servers[0]",
      "mode": "managed",
      "type": "yandex_compute_instance",
      "name": "instances",
      "provider": "provider[\"registry.terraform.io/yandex-cloud/yandex\"]",
      "instances": [
        {
          "schema_version": 1,
          "attributes": {
            "allow_recreate": null,
            "allow_stopping_for_update": true,
            "boot_disk": [
              {
                "auto_delete": true,
                "device_name": "epdp5hfptuejo9kg2dhd",
                "disk_id": "epdp5hfptuejo9kg2dhd",
                "initialize_params": [
                  {
                    "block_size": 4096,
                    "description": "",
                    "image_id": "fd84itfojin92kj38vmb",
                    "name": "",
                    "size": 10,
                    "snapshot_id": "",
                    "type": "network-ssd"
                  }
                ],
                "mode": "READ_WRITE"
              }
            ],
            "created_at": "2024-07-04T09:54:22Z",
            "description": "",
            "filesystem": [],
            "folder_id": "b1g87jva5roo9n23k4c4",
            "fqdn": "jump-01.ru-central1.internal",
            "gpu_cluster_id": "",
            "hostname": "jump-01",
            "id": "epdcemj9obmuua6uo5vk",
            "labels": null,
            "local_disk": [],
            "maintenance_grace_period": "",
            "maintenance_policy": null,
            "metadata": {
              "ssh-keys": "ubuntu:ssh-rsa AAAAB3NzaC1yc2EAAAADAQABAAABgQDHG326ChxLn4Frwc1Spg66bS+7gzVQ/H6RUOmqZyH0uwEGAyF3JHEQtMLNbWQmwc38a7zAg9OJWrpBFYuJSr1+lCGYc29E+PK83e66AkUaSFwGkM00eg0+r5YUVAIcwx7PW9t3wE7srAgsIC7Qe6EUlVkyPavYtffNQEFNTqolDqEG4M8+YsmesdG0zpGGuG/ZFIKoxRJLzMIkH/z3fjSp00VsCnz4aeF9K/pJaOJGmAvNLCISiYNMY/Yt7AQLkaC55uVc32sE/QfxPhrHfQmRoinWOe16L4ykvWsdkB0fn0pTUwX15LyTYp4C17dp8NgVLhDuaJLCc1sXz6E48mHE+pT+G0Z8JKB5vyKuItVWn1v6T1sgwMv7Ht0a+uN+cALhZOHkWAM1FzOcd2pjqaxmSjGo52V60g05UoYG3+p11gBCoVHNvx5yzO76rPZoGJd/KePCxcBqRXXYZbGc/4eYXw/VA/BxFKbg15NryUiTxu38x36IO/66iU+utk5gXl0= mikhail.timofeev@lgepartner.com\n"
            },
            "metadata_options": [
              {
                "aws_v1_http_endpoint": 1,
                "aws_v1_http_token": 2,
                "gce_http_endpoint": 1,
                "gce_http_token": 1
              }
            ],
            "name": "jump-01",
            "network_acceleration_type": "standard",
            "network_interface": [
              {
                "dns_record": [],
                "index": 0,
                "ip_address": "10.10.10.42",
                "ipv4": true,
                "ipv6": false,
                "ipv6_address": "",
                "ipv6_dns_record": [],
                "mac_address": "d0:0d:c7:5a:69:c2",
                "nat": true,
                "nat_dns_record": [],
                "nat_ip_address": "158.160.16.66",
                "nat_ip_version": "IPV4",
                "security_group_ids": [],
                "subnet_id": "e2lju39rdupjahoiur7e"
              }
            ],
            "placement_policy": [
              {
                "host_affinity_rules": [],
                "placement_group_id": "",
                "placement_group_partition": 0
              }
            ],
            "platform_id": "standard-v3",
            "resources": [
              {
                "core_fraction": 100,
                "cores": 2,
                "gpus": 0,
                "memory": 2
              }
            ],
            "scheduling_policy": [
              {
                "preemptible": false
              }
            ],
            "secondary_disk": [],
            "service_account_id": "",
            "status": "running",
            "timeouts": null,
            "zone": "ru-central1-b"
          },
          "sensitive_attributes": [],
          "private": "eyJlMmJmYjczMC1lY2FhLTExZTYtOGY4OC0zNDM2M2JjN2M0YzAiOnsiY3JlYXRlIjozMDAwMDAwMDAwMDAsImRlbGV0ZSI6MzAwMDAwMDAwMDAwLCJ1cGRhdGUiOjMwMDAwMDAwMDAwMH0sInNjaGVtYV92ZXJzaW9uIjoiMSJ9",
          "dependencies": [
            "data.yandex_vpc_network.vpc",
            "yandex_compute_disk.disks",
            "yandex_resourcemanager_folder.folders",
            "yandex_vpc_gateway.nat_gateway",
            "yandex_vpc_network.vpc",
            "yandex_vpc_route_table.rt",
            "yandex_vpc_subnet.subnets"
          ]
        }
      ]
    },
    {
      "module": "module.nginx-servers[0]",
      "mode": "managed",
      "type": "yandex_compute_instance",
      "name": "instances",
      "provider": "provider[\"registry.terraform.io/yandex-cloud/yandex\"]",
      "instances": [
        {
          "schema_version": 1,
          "attributes": {
            "allow_recreate": null,
            "allow_stopping_for_update": true,
            "boot_disk": [
              {
                "auto_delete": true,
                "device_name": "epd3k5kqfpsntp54ipuk",
                "disk_id": "epd3k5kqfpsntp54ipuk",
                "initialize_params": [
                  {
                    "block_size": 4096,
                    "description": "",
                    "image_id": "fd84itfojin92kj38vmb",
                    "name": "",
                    "size": 10,
                    "snapshot_id": "",
                    "type": "network-ssd"
                  }
                ],
                "mode": "READ_WRITE"
              }
            ],
            "created_at": "2024-07-04T09:54:22Z",
            "description": "",
            "filesystem": [],
            "folder_id": "b1g87jva5roo9n23k4c4",
            "fqdn": "nginx-01.ru-central1.internal",
            "gpu_cluster_id": "",
            "hostname": "nginx-01",
            "id": "epdd5vubpnssq26n0hmb",
            "labels": null,
            "local_disk": [],
            "maintenance_grace_period": "",
            "maintenance_policy": null,
            "metadata": {
              "ssh-keys": "ubuntu:ssh-rsa AAAAB3NzaC1yc2EAAAADAQABAAABgQDHG326ChxLn4Frwc1Spg66bS+7gzVQ/H6RUOmqZyH0uwEGAyF3JHEQtMLNbWQmwc38a7zAg9OJWrpBFYuJSr1+lCGYc29E+PK83e66AkUaSFwGkM00eg0+r5YUVAIcwx7PW9t3wE7srAgsIC7Qe6EUlVkyPavYtffNQEFNTqolDqEG4M8+YsmesdG0zpGGuG/ZFIKoxRJLzMIkH/z3fjSp00VsCnz4aeF9K/pJaOJGmAvNLCISiYNMY/Yt7AQLkaC55uVc32sE/QfxPhrHfQmRoinWOe16L4ykvWsdkB0fn0pTUwX15LyTYp4C17dp8NgVLhDuaJLCc1sXz6E48mHE+pT+G0Z8JKB5vyKuItVWn1v6T1sgwMv7Ht0a+uN+cALhZOHkWAM1FzOcd2pjqaxmSjGo52V60g05UoYG3+p11gBCoVHNvx5yzO76rPZoGJd/KePCxcBqRXXYZbGc/4eYXw/VA/BxFKbg15NryUiTxu38x36IO/66iU+utk5gXl0= mikhail.timofeev@lgepartner.com\n"
            },
            "metadata_options": [
              {
                "aws_v1_http_endpoint": 1,
                "aws_v1_http_token": 2,
                "gce_http_endpoint": 1,
                "gce_http_token": 1
              }
            ],
            "name": "nginx-01",
            "network_acceleration_type": "standard",
            "network_interface": [
              {
                "dns_record": [],
                "index": 0,
                "ip_address": "10.10.10.10",
                "ipv4": true,
                "ipv6": false,
                "ipv6_address": "",
                "ipv6_dns_record": [],
                "mac_address": "d0:0d:d2:ff:cb:cd",
                "nat": false,
                "nat_dns_record": [],
                "nat_ip_address": "",
                "nat_ip_version": "",
                "security_group_ids": [],
                "subnet_id": "e2lju39rdupjahoiur7e"
              }
            ],
            "placement_policy": [
              {
                "host_affinity_rules": [],
                "placement_group_id": "",
                "placement_group_partition": 0
              }
            ],
            "platform_id": "standard-v3",
            "resources": [
              {
                "core_fraction": 100,
                "cores": 2,
                "gpus": 0,
                "memory": 2
              }
            ],
            "scheduling_policy": [
              {
                "preemptible": false
              }
            ],
            "secondary_disk": [],
            "service_account_id": "",
            "status": "running",
            "timeouts": null,
            "zone": "ru-central1-b"
          },
          "sensitive_attributes": [],
          "private": "eyJlMmJmYjczMC1lY2FhLTExZTYtOGY4OC0zNDM2M2JjN2M0YzAiOnsiY3JlYXRlIjozMDAwMDAwMDAwMDAsImRlbGV0ZSI6MzAwMDAwMDAwMDAwLCJ1cGRhdGUiOjMwMDAwMDAwMDAwMH0sInNjaGVtYV92ZXJzaW9uIjoiMSJ9",
          "dependencies": [
            "data.yandex_vpc_network.vpc",
            "yandex_compute_disk.disks",
            "yandex_resourcemanager_folder.folders",
            "yandex_vpc_gateway.nat_gateway",
            "yandex_vpc_network.vpc",
            "yandex_vpc_route_table.rt",
            "yandex_vpc_subnet.subnets"
          ]
        }
      ]
    },
    {
      "module": "module.nginx-servers[1]",
      "mode": "managed",
      "type": "yandex_compute_instance",
      "name": "instances",
      "provider": "provider[\"registry.terraform.io/yandex-cloud/yandex\"]",
      "instances": [
        {
          "schema_version": 1,
          "attributes": {
            "allow_recreate": null,
            "allow_stopping_for_update": true,
            "boot_disk": [
              {
                "auto_delete": true,
                "device_name": "epdd7tjvg8iruihfmv2p",
                "disk_id": "epdd7tjvg8iruihfmv2p",
                "initialize_params": [
                  {
                    "block_size": 4096,
                    "description": "",
                    "image_id": "fd84itfojin92kj38vmb",
                    "name": "",
                    "size": 10,
                    "snapshot_id": "",
                    "type": "network-ssd"
                  }
                ],
                "mode": "READ_WRITE"
              }
            ],
            "created_at": "2024-07-04T09:54:22Z",
            "description": "",
            "filesystem": [],
            "folder_id": "b1g87jva5roo9n23k4c4",
            "fqdn": "nginx-02.ru-central1.internal",
            "gpu_cluster_id": "",
            "hostname": "nginx-02",
            "id": "epdmn8jag3ugg817h4hv",
            "labels": null,
            "local_disk": [],
            "maintenance_grace_period": "",
            "maintenance_policy": null,
            "metadata": {
              "ssh-keys": "ubuntu:ssh-rsa AAAAB3NzaC1yc2EAAAADAQABAAABgQDHG326ChxLn4Frwc1Spg66bS+7gzVQ/H6RUOmqZyH0uwEGAyF3JHEQtMLNbWQmwc38a7zAg9OJWrpBFYuJSr1+lCGYc29E+PK83e66AkUaSFwGkM00eg0+r5YUVAIcwx7PW9t3wE7srAgsIC7Qe6EUlVkyPavYtffNQEFNTqolDqEG4M8+YsmesdG0zpGGuG/ZFIKoxRJLzMIkH/z3fjSp00VsCnz4aeF9K/pJaOJGmAvNLCISiYNMY/Yt7AQLkaC55uVc32sE/QfxPhrHfQmRoinWOe16L4ykvWsdkB0fn0pTUwX15LyTYp4C17dp8NgVLhDuaJLCc1sXz6E48mHE+pT+G0Z8JKB5vyKuItVWn1v6T1sgwMv7Ht0a+uN+cALhZOHkWAM1FzOcd2pjqaxmSjGo52V60g05UoYG3+p11gBCoVHNvx5yzO76rPZoGJd/KePCxcBqRXXYZbGc/4eYXw/VA/BxFKbg15NryUiTxu38x36IO/66iU+utk5gXl0= mikhail.timofeev@lgepartner.com\n"
            },
            "metadata_options": [
              {
                "aws_v1_http_endpoint": 1,
                "aws_v1_http_token": 2,
                "gce_http_endpoint": 1,
                "gce_http_token": 1
              }
            ],
            "name": "nginx-02",
            "network_acceleration_type": "standard",
            "network_interface": [
              {
                "dns_record": [],
                "index": 0,
                "ip_address": "10.10.10.9",
                "ipv4": true,
                "ipv6": false,
                "ipv6_address": "",
                "ipv6_dns_record": [],
                "mac_address": "d0:0d:16:ba:26:a8",
                "nat": false,
                "nat_dns_record": [],
                "nat_ip_address": "",
                "nat_ip_version": "",
                "security_group_ids": [],
                "subnet_id": "e2lju39rdupjahoiur7e"
              }
            ],
            "placement_policy": [
              {
                "host_affinity_rules": [],
                "placement_group_id": "",
                "placement_group_partition": 0
              }
            ],
            "platform_id": "standard-v3",
            "resources": [
              {
                "core_fraction": 100,
                "cores": 2,
                "gpus": 0,
                "memory": 2
              }
            ],
            "scheduling_policy": [
              {
                "preemptible": false
              }
            ],
            "secondary_disk": [],
            "service_account_id": "",
            "status": "running",
            "timeouts": null,
            "zone": "ru-central1-b"
          },
          "sensitive_attributes": [],
          "private": "eyJlMmJmYjczMC1lY2FhLTExZTYtOGY4OC0zNDM2M2JjN2M0YzAiOnsiY3JlYXRlIjozMDAwMDAwMDAwMDAsImRlbGV0ZSI6MzAwMDAwMDAwMDAwLCJ1cGRhdGUiOjMwMDAwMDAwMDAwMH0sInNjaGVtYV92ZXJzaW9uIjoiMSJ9",
          "dependencies": [
            "data.yandex_vpc_network.vpc",
            "yandex_compute_disk.disks",
            "yandex_resourcemanager_folder.folders",
            "yandex_vpc_gateway.nat_gateway",
            "yandex_vpc_network.vpc",
            "yandex_vpc_route_table.rt",
            "yandex_vpc_subnet.subnets"
          ]
        }
      ]
    }
  ],
  "check_results": null
}
